<?xml version="1.0" encoding="utf-8"?>
<!--
 |  Copyright (c) 2014-2018 libbitcoin developers (see COPYING).
 |
 |         GENERATED SOURCE CODE, DO NOT EDIT EXCEPT EXPERIMENTALLY
 |
 -->
<Project DefaultTargets="Build" ToolsVersion="14.0" xmlns="http://schemas.microsoft.com/developer/msbuild/2003">
  <ItemGroup>
    <Filter Include="include">
      <UniqueIdentifier>{39F60708-FF48-4C22-0000-00000000000D}</UniqueIdentifier>
    </Filter>
    <Filter Include="include\bitcoin">
      <UniqueIdentifier>{39F60708-FF48-4C22-0000-00000000000E}</UniqueIdentifier>
    </Filter>
    <Filter Include="include\bitcoin\bitcoin">
      <UniqueIdentifier>{39F60708-FF48-4C22-0000-00000000000F}</UniqueIdentifier>
    </Filter>
    <Filter Include="include\bitcoin\bitcoin\chain">
      <UniqueIdentifier>{39F60708-FF48-4C22-0000-000000000001}</UniqueIdentifier>
    </Filter>
    <Filter Include="include\bitcoin\bitcoin\config">
      <UniqueIdentifier>{39F60708-FF48-4C22-0000-000000000002}</UniqueIdentifier>
    </Filter>
    <Filter Include="include\bitcoin\bitcoin\formats">
      <UniqueIdentifier>{39F60708-FF48-4C22-0000-000000000003}</UniqueIdentifier>
    </Filter>
    <Filter Include="include\bitcoin\bitcoin\impl">
      <UniqueIdentifier>{39F60708-FF48-4C22-0000-000000000004}</UniqueIdentifier>
    </Filter>
    <Filter Include="include\bitcoin\bitcoin\impl\formats">
      <UniqueIdentifier>{39F60708-FF48-4C22-0000-0000000000B1}</UniqueIdentifier>
    </Filter>
    <Filter Include="include\bitcoin\bitcoin\impl\log">
      <UniqueIdentifier>{39F60708-FF48-4C22-0000-0000000000C1}</UniqueIdentifier>
    </Filter>
    <Filter Include="include\bitcoin\bitcoin\impl\log\features">
      <UniqueIdentifier>{39F60708-FF48-4C22-0000-000000000002}</UniqueIdentifier>
    </Filter>
    <Filter Include="include\bitcoin\bitcoin\impl\machine">
      <UniqueIdentifier>{39F60708-FF48-4C22-0000-0000000000D1}</UniqueIdentifier>
    </Filter>
    <Filter Include="include\bitcoin\bitcoin\impl\math">
      <UniqueIdentifier>{39F60708-FF48-4C22-0000-0000000000E1}</UniqueIdentifier>
    </Filter>
    <Filter Include="include\bitcoin\bitcoin\impl\utility">
      <UniqueIdentifier>{39F60708-FF48-4C22-0000-0000000000F1}</UniqueIdentifier>
    </Filter>
    <Filter Include="include\bitcoin\bitcoin\log">
      <UniqueIdentifier>{39F60708-FF48-4C22-0000-000000000005}</UniqueIdentifier>
    </Filter>
    <Filter Include="include\bitcoin\bitcoin\log\features">
      <UniqueIdentifier>{39F60708-FF48-4C22-0000-000000000003}</UniqueIdentifier>
    </Filter>
    <Filter Include="include\bitcoin\bitcoin\machine">
      <UniqueIdentifier>{39F60708-FF48-4C22-0000-000000000006}</UniqueIdentifier>
    </Filter>
    <Filter Include="include\bitcoin\bitcoin\math">
      <UniqueIdentifier>{39F60708-FF48-4C22-0000-000000000007}</UniqueIdentifier>
    </Filter>
    <Filter Include="include\bitcoin\bitcoin\message">
      <UniqueIdentifier>{39F60708-FF48-4C22-0000-000000000008}</UniqueIdentifier>
    </Filter>
    <Filter Include="include\bitcoin\bitcoin\unicode">
      <UniqueIdentifier>{39F60708-FF48-4C22-0000-000000000009}</UniqueIdentifier>
    </Filter>
    <Filter Include="include\bitcoin\bitcoin\utility">
      <UniqueIdentifier>{39F60708-FF48-4C22-0000-000000000010}</UniqueIdentifier>
    </Filter>
    <Filter Include="include\bitcoin\bitcoin\wallet">
      <UniqueIdentifier>{39F60708-FF48-4C22-0000-0000000000A1}</UniqueIdentifier>
    </Filter>
    <Filter Include="resource">
      <UniqueIdentifier>{39F60708-FF48-4C22-0000-000000000004}</UniqueIdentifier>
    </Filter>
    <Filter Include="src">
      <UniqueIdentifier>{39F60708-FF48-4C22-0000-000000000000}</UniqueIdentifier>
    </Filter>
    <Filter Include="src\chain">
      <UniqueIdentifier>{39F60708-FF48-4C22-0000-000000000001}</UniqueIdentifier>
    </Filter>
    <Filter Include="src\config">
      <UniqueIdentifier>{39F60708-FF48-4C22-0000-000000000002}</UniqueIdentifier>
    </Filter>
    <Filter Include="src\formats">
      <UniqueIdentifier>{39F60708-FF48-4C22-0000-000000000003}</UniqueIdentifier>
    </Filter>
    <Filter Include="src\log">
      <UniqueIdentifier>{39F60708-FF48-4C22-0000-000000000004}</UniqueIdentifier>
    </Filter>
    <Filter Include="src\machine">
      <UniqueIdentifier>{39F60708-FF48-4C22-0000-000000000005}</UniqueIdentifier>
    </Filter>
    <Filter Include="src\math">
      <UniqueIdentifier>{39F60708-FF48-4C22-0000-000000000006}</UniqueIdentifier>
    </Filter>
    <Filter Include="src\math\external">
      <UniqueIdentifier>{39F60708-FF48-4C22-0000-00000000000B}</UniqueIdentifier>
    </Filter>
    <Filter Include="src\message">
      <UniqueIdentifier>{39F60708-FF48-4C22-0000-000000000007}</UniqueIdentifier>
    </Filter>
    <Filter Include="src\unicode">
      <UniqueIdentifier>{39F60708-FF48-4C22-0000-000000000008}</UniqueIdentifier>
    </Filter>
    <Filter Include="src\utility">
      <UniqueIdentifier>{39F60708-FF48-4C22-0000-000000000009}</UniqueIdentifier>
    </Filter>
    <Filter Include="src\wallet">
      <UniqueIdentifier>{39F60708-FF48-4C22-0000-00000000000A}</UniqueIdentifier>
    </Filter>
    <Filter Include="src\wallet\parse_encrypted_keys">
      <UniqueIdentifier>{39F60708-FF48-4C22-0000-00000000000C}</UniqueIdentifier>
    </Filter>
  </ItemGroup>
  <ItemGroup>
    <ClCompile Include="..\..\..\..\src\chain\block.cpp">
      <Filter>src\chain</Filter>
    </ClCompile>
    <ClCompile Include="..\..\..\..\src\chain\chain_state.cpp">
      <Filter>src\chain</Filter>
    </ClCompile>
    <ClCompile Include="..\..\..\..\src\chain\compact.cpp">
      <Filter>src\chain</Filter>
    </ClCompile>
    <ClCompile Include="..\..\..\..\src\chain\header.cpp">
      <Filter>src\chain</Filter>
    </ClCompile>
    <ClCompile Include="..\..\..\..\src\chain\input.cpp">
      <Filter>src\chain</Filter>
    </ClCompile>
    <ClCompile Include="..\..\..\..\src\chain\output.cpp">
      <Filter>src\chain</Filter>
    </ClCompile>
    <ClCompile Include="..\..\..\..\src\chain\output_point.cpp">
      <Filter>src\chain</Filter>
    </ClCompile>
    <ClCompile Include="..\..\..\..\src\chain\payment_record.cpp">
      <Filter>src\chain</Filter>
    </ClCompile>
    <ClCompile Include="..\..\..\..\src\chain\point.cpp">
      <Filter>src\chain</Filter>
    </ClCompile>
    <ClCompile Include="..\..\..\..\src\chain\point_value.cpp">
      <Filter>src\chain</Filter>
    </ClCompile>
    <ClCompile Include="..\..\..\..\src\chain\points_value.cpp">
      <Filter>src\chain</Filter>
    </ClCompile>
    <ClCompile Include="..\..\..\..\src\chain\script.cpp">
      <Filter>src\chain</Filter>
    </ClCompile>
    <ClCompile Include="..\..\..\..\src\chain\stealth_record.cpp">
      <Filter>src\chain</Filter>
    </ClCompile>
    <ClCompile Include="..\..\..\..\src\chain\transaction.cpp">
      <Filter>src\chain</Filter>
    </ClCompile>
    <ClCompile Include="..\..\..\..\src\chain\witness.cpp">
      <Filter>src\chain</Filter>
    </ClCompile>
    <ClCompile Include="..\..\..\..\src\config\authority.cpp">
      <Filter>src\config</Filter>
    </ClCompile>
    <ClCompile Include="..\..\..\..\src\config\base16.cpp">
      <Filter>src\config</Filter>
    </ClCompile>
    <ClCompile Include="..\..\..\..\src\config\base2.cpp">
      <Filter>src\config</Filter>
    </ClCompile>
    <ClCompile Include="..\..\..\..\src\config\base58.cpp">
      <Filter>src\config</Filter>
    </ClCompile>
    <ClCompile Include="..\..\..\..\src\config\base64.cpp">
      <Filter>src\config</Filter>
    </ClCompile>
    <ClCompile Include="..\..\..\..\src\config\block.cpp">
      <Filter>src\config</Filter>
    </ClCompile>
    <ClCompile Include="..\..\..\..\src\config\checkpoint.cpp">
      <Filter>src\config</Filter>
    </ClCompile>
    <ClCompile Include="..\..\..\..\src\config\directory.cpp">
      <Filter>src\config</Filter>
    </ClCompile>
    <ClCompile Include="..\..\..\..\src\config\endpoint.cpp">
      <Filter>src\config</Filter>
    </ClCompile>
    <ClCompile Include="..\..\..\..\src\config\hash160.cpp">
      <Filter>src\config</Filter>
    </ClCompile>
    <ClCompile Include="..\..\..\..\src\config\hash256.cpp">
      <Filter>src\config</Filter>
    </ClCompile>
    <ClCompile Include="..\..\..\..\src\config\header.cpp">
      <Filter>src\config</Filter>
    </ClCompile>
    <ClCompile Include="..\..\..\..\src\config\input.cpp">
      <Filter>src\config</Filter>
    </ClCompile>
    <ClCompile Include="..\..\..\..\src\config\output.cpp">
      <Filter>src\config</Filter>
    </ClCompile>
    <ClCompile Include="..\..\..\..\src\config\parameter.cpp">
      <Filter>src\config</Filter>
    </ClCompile>
    <ClCompile Include="..\..\..\..\src\config\parser.cpp">
      <Filter>src\config</Filter>
    </ClCompile>
    <ClCompile Include="..\..\..\..\src\config\point.cpp">
      <Filter>src\config</Filter>
    </ClCompile>
    <ClCompile Include="..\..\..\..\src\config\printer.cpp">
      <Filter>src\config</Filter>
    </ClCompile>
    <ClCompile Include="..\..\..\..\src\config\script.cpp">
      <Filter>src\config</Filter>
    </ClCompile>
    <ClCompile Include="..\..\..\..\src\config\sodium.cpp">
      <Filter>src\config</Filter>
    </ClCompile>
    <ClCompile Include="..\..\..\..\src\config\transaction.cpp">
      <Filter>src\config</Filter>
    </ClCompile>
    <ClCompile Include="..\..\..\..\src\error.cpp">
      <Filter>src</Filter>
    </ClCompile>
    <ClCompile Include="..\..\..\..\src\formats\base_10.cpp">
      <Filter>src\formats</Filter>
    </ClCompile>
    <ClCompile Include="..\..\..\..\src\formats\base_16.cpp">
      <Filter>src\formats</Filter>
    </ClCompile>
    <ClCompile Include="..\..\..\..\src\formats\base_32.cpp">
      <Filter>src\formats</Filter>
    </ClCompile>
    <ClCompile Include="..\..\..\..\src\formats\base_58.cpp">
      <Filter>src\formats</Filter>
    </ClCompile>
    <ClCompile Include="..\..\..\..\src\formats\base_64.cpp">
      <Filter>src\formats</Filter>
    </ClCompile>
    <ClCompile Include="..\..\..\..\src\formats\base_85.cpp">
      <Filter>src\formats</Filter>
    </ClCompile>
    <ClCompile Include="..\..\..\..\src\log\file_collector.cpp">
      <Filter>src\log</Filter>
    </ClCompile>
    <ClCompile Include="..\..\..\..\src\log\file_collector_repository.cpp">
      <Filter>src\log</Filter>
    </ClCompile>
    <ClCompile Include="..\..\..\..\src\log\file_counter_formatter.cpp">
      <Filter>src\log</Filter>
    </ClCompile>
    <ClCompile Include="..\..\..\..\src\log\sink.cpp">
      <Filter>src\log</Filter>
    </ClCompile>
    <ClCompile Include="..\..\..\..\src\log\statsd_sink.cpp">
      <Filter>src\log</Filter>
    </ClCompile>
    <ClCompile Include="..\..\..\..\src\log\udp_client_sink.cpp">
      <Filter>src\log</Filter>
    </ClCompile>
    <ClCompile Include="..\..\..\..\src\machine\interpreter.cpp">
      <Filter>src\machine</Filter>
    </ClCompile>
    <ClCompile Include="..\..\..\..\src\machine\number.cpp">
      <Filter>src\machine</Filter>
    </ClCompile>
    <ClCompile Include="..\..\..\..\src\machine\opcode.cpp">
      <Filter>src\machine</Filter>
    </ClCompile>
    <ClCompile Include="..\..\..\..\src\machine\operation.cpp">
      <Filter>src\machine</Filter>
    </ClCompile>
    <ClCompile Include="..\..\..\..\src\machine\program.cpp">
      <Filter>src\machine</Filter>
    </ClCompile>
    <ClCompile Include="..\..\..\..\src\math\checksum.cpp">
      <Filter>src\math</Filter>
    </ClCompile>
    <ClCompile Include="..\..\..\..\src\math\crypto.cpp">
      <Filter>src\math</Filter>
    </ClCompile>
    <ClCompile Include="..\..\..\..\src\math\ec_point.cpp">
      <Filter>src\math</Filter>
    </ClCompile>
    <ClCompile Include="..\..\..\..\src\math\ec_scalar.cpp">
      <Filter>src\math</Filter>
    </ClCompile>
    <ClCompile Include="..\..\..\..\src\math\elliptic_curve.cpp">
      <Filter>src\math</Filter>
    </ClCompile>
    <ClCompile Include="..\..\..\..\src\math\external\aes256.c">
      <Filter>src\math\external</Filter>
    </ClCompile>
    <ClCompile Include="..\..\..\..\src\math\external\crypto_scrypt.c">
      <Filter>src\math\external</Filter>
    </ClCompile>
    <ClCompile Include="..\..\..\..\src\math\external\hmac_sha256.c">
      <Filter>src\math\external</Filter>
    </ClCompile>
    <ClCompile Include="..\..\..\..\src\math\external\hmac_sha512.c">
      <Filter>src\math\external</Filter>
    </ClCompile>
    <ClCompile Include="..\..\..\..\src\math\external\lax_der_parsing.c">
      <Filter>src\math\external</Filter>
    </ClCompile>
    <ClCompile Include="..\..\..\..\src\math\external\pbkdf2_sha256.c">
      <Filter>src\math\external</Filter>
    </ClCompile>
    <ClCompile Include="..\..\..\..\src\math\external\pkcs5_pbkdf2.c">
      <Filter>src\math\external</Filter>
    </ClCompile>
    <ClCompile Include="..\..\..\..\src\math\external\ripemd160.c">
      <Filter>src\math\external</Filter>
    </ClCompile>
    <ClCompile Include="..\..\..\..\src\math\external\sha1.c">
      <Filter>src\math\external</Filter>
    </ClCompile>
    <ClCompile Include="..\..\..\..\src\math\external\sha256.c">
      <Filter>src\math\external</Filter>
    </ClCompile>
    <ClCompile Include="..\..\..\..\src\math\external\sha512.c">
      <Filter>src\math\external</Filter>
    </ClCompile>
    <ClCompile Include="..\..\..\..\src\math\external\zeroize.c">
      <Filter>src\math\external</Filter>
    </ClCompile>
    <ClCompile Include="..\..\..\..\src\math\hash.cpp">
      <Filter>src\math</Filter>
    </ClCompile>
    <ClCompile Include="..\..\..\..\src\math\ring_signature.cpp">
      <Filter>src\math</Filter>
    </ClCompile>
    <ClCompile Include="..\..\..\..\src\math\secp256k1_initializer.cpp">
      <Filter>src\math</Filter>
    </ClCompile>
    <ClCompile Include="..\..\..\..\src\math\stealth.cpp">
      <Filter>src\math</Filter>
    </ClCompile>
    <ClCompile Include="..\..\..\..\src\message\address.cpp">
      <Filter>src\message</Filter>
    </ClCompile>
    <ClCompile Include="..\..\..\..\src\message\alert.cpp">
      <Filter>src\message</Filter>
    </ClCompile>
    <ClCompile Include="..\..\..\..\src\message\alert_payload.cpp">
      <Filter>src\message</Filter>
    </ClCompile>
    <ClCompile Include="..\..\..\..\src\message\block.cpp">
      <Filter>src\message</Filter>
    </ClCompile>
    <ClCompile Include="..\..\..\..\src\message\block_transactions.cpp">
      <Filter>src\message</Filter>
    </ClCompile>
    <ClCompile Include="..\..\..\..\src\message\compact_block.cpp">
      <Filter>src\message</Filter>
    </ClCompile>
    <ClCompile Include="..\..\..\..\src\message\fee_filter.cpp">
      <Filter>src\message</Filter>
    </ClCompile>
    <ClCompile Include="..\..\..\..\src\message\filter_add.cpp">
      <Filter>src\message</Filter>
    </ClCompile>
    <ClCompile Include="..\..\..\..\src\message\filter_clear.cpp">
      <Filter>src\message</Filter>
    </ClCompile>
    <ClCompile Include="..\..\..\..\src\message\filter_load.cpp">
      <Filter>src\message</Filter>
    </ClCompile>
    <ClCompile Include="..\..\..\..\src\message\get_address.cpp">
      <Filter>src\message</Filter>
    </ClCompile>
    <ClCompile Include="..\..\..\..\src\message\get_block_transactions.cpp">
      <Filter>src\message</Filter>
    </ClCompile>
    <ClCompile Include="..\..\..\..\src\message\get_blocks.cpp">
      <Filter>src\message</Filter>
    </ClCompile>
    <ClCompile Include="..\..\..\..\src\message\get_data.cpp">
      <Filter>src\message</Filter>
    </ClCompile>
    <ClCompile Include="..\..\..\..\src\message\get_headers.cpp">
      <Filter>src\message</Filter>
    </ClCompile>
    <ClCompile Include="..\..\..\..\src\message\header.cpp">
      <Filter>src\message</Filter>
    </ClCompile>
    <ClCompile Include="..\..\..\..\src\message\headers.cpp">
      <Filter>src\message</Filter>
    </ClCompile>
    <ClCompile Include="..\..\..\..\src\message\heading.cpp">
      <Filter>src\message</Filter>
    </ClCompile>
    <ClCompile Include="..\..\..\..\src\message\inventory.cpp">
      <Filter>src\message</Filter>
    </ClCompile>
    <ClCompile Include="..\..\..\..\src\message\inventory_vector.cpp">
      <Filter>src\message</Filter>
    </ClCompile>
    <ClCompile Include="..\..\..\..\src\message\memory_pool.cpp">
      <Filter>src\message</Filter>
    </ClCompile>
    <ClCompile Include="..\..\..\..\src\message\merkle_block.cpp">
      <Filter>src\message</Filter>
    </ClCompile>
    <ClCompile Include="..\..\..\..\src\message\messages.cpp">
      <Filter>src\message</Filter>
    </ClCompile>
    <ClCompile Include="..\..\..\..\src\message\network_address.cpp">
      <Filter>src\message</Filter>
    </ClCompile>
    <ClCompile Include="..\..\..\..\src\message\not_found.cpp">
      <Filter>src\message</Filter>
    </ClCompile>
    <ClCompile Include="..\..\..\..\src\message\ping.cpp">
      <Filter>src\message</Filter>
    </ClCompile>
    <ClCompile Include="..\..\..\..\src\message\pong.cpp">
      <Filter>src\message</Filter>
    </ClCompile>
    <ClCompile Include="..\..\..\..\src\message\prefilled_transaction.cpp">
      <Filter>src\message</Filter>
    </ClCompile>
    <ClCompile Include="..\..\..\..\src\message\reject.cpp">
      <Filter>src\message</Filter>
    </ClCompile>
    <ClCompile Include="..\..\..\..\src\message\send_compact.cpp">
      <Filter>src\message</Filter>
    </ClCompile>
    <ClCompile Include="..\..\..\..\src\message\send_headers.cpp">
      <Filter>src\message</Filter>
    </ClCompile>
    <ClCompile Include="..\..\..\..\src\message\transaction.cpp">
      <Filter>src\message</Filter>
    </ClCompile>
    <ClCompile Include="..\..\..\..\src\message\verack.cpp">
      <Filter>src\message</Filter>
    </ClCompile>
    <ClCompile Include="..\..\..\..\src\message\version.cpp">
      <Filter>src\message</Filter>
    </ClCompile>
    <ClCompile Include="..\..\..\..\src\settings.cpp">
      <Filter>src</Filter>
    </ClCompile>
    <ClCompile Include="..\..\..\..\src\unicode\console_streambuf.cpp">
      <Filter>src\unicode</Filter>
    </ClCompile>
    <ClCompile Include="..\..\..\..\src\unicode\ifstream.cpp">
      <Filter>src\unicode</Filter>
    </ClCompile>
    <ClCompile Include="..\..\..\..\src\unicode\ofstream.cpp">
      <Filter>src\unicode</Filter>
    </ClCompile>
    <ClCompile Include="..\..\..\..\src\unicode\unicode.cpp">
      <Filter>src\unicode</Filter>
    </ClCompile>
    <ClCompile Include="..\..\..\..\src\unicode\unicode_istream.cpp">
      <Filter>src\unicode</Filter>
    </ClCompile>
    <ClCompile Include="..\..\..\..\src\unicode\unicode_ostream.cpp">
      <Filter>src\unicode</Filter>
    </ClCompile>
    <ClCompile Include="..\..\..\..\src\unicode\unicode_streambuf.cpp">
      <Filter>src\unicode</Filter>
    </ClCompile>
    <ClCompile Include="..\..\..\..\src\utility\binary.cpp">
      <Filter>src\utility</Filter>
    </ClCompile>
    <ClCompile Include="..\..\..\..\src\utility\conditional_lock.cpp">
      <Filter>src\utility</Filter>
    </ClCompile>
    <ClCompile Include="..\..\..\..\src\utility\deadline.cpp">
      <Filter>src\utility</Filter>
    </ClCompile>
    <ClCompile Include="..\..\..\..\src\utility\dispatcher.cpp">
      <Filter>src\utility</Filter>
    </ClCompile>
    <ClCompile Include="..\..\..\..\src\utility\flush_lock.cpp">
      <Filter>src\utility</Filter>
    </ClCompile>
    <ClCompile Include="..\..\..\..\src\utility\interprocess_lock.cpp">
      <Filter>src\utility</Filter>
    </ClCompile>
    <ClCompile Include="..\..\..\..\src\utility\istream_reader.cpp">
      <Filter>src\utility</Filter>
    </ClCompile>
    <ClCompile Include="..\..\..\..\src\utility\monitor.cpp">
      <Filter>src\utility</Filter>
    </ClCompile>
    <ClCompile Include="..\..\..\..\src\utility\ostream_writer.cpp">
      <Filter>src\utility</Filter>
    </ClCompile>
    <ClCompile Include="..\..\..\..\src\utility\png.cpp">
      <Filter>src\utility</Filter>
    </ClCompile>
    <ClCompile Include="..\..\..\..\src\utility\prioritized_mutex.cpp">
      <Filter>src\utility</Filter>
    </ClCompile>
    <ClCompile Include="..\..\..\..\src\utility\property_tree.cpp">
      <Filter>src\utility</Filter>
    </ClCompile>
    <ClCompile Include="..\..\..\..\src\utility\pseudo_random.cpp">
      <Filter>src\utility</Filter>
    </ClCompile>
    <ClCompile Include="..\..\..\..\src\utility\scope_lock.cpp">
      <Filter>src\utility</Filter>
    </ClCompile>
    <ClCompile Include="..\..\..\..\src\utility\sequencer.cpp">
      <Filter>src\utility</Filter>
    </ClCompile>
    <ClCompile Include="..\..\..\..\src\utility\sequential_lock.cpp">
      <Filter>src\utility</Filter>
    </ClCompile>
    <ClCompile Include="..\..\..\..\src\utility\socket.cpp">
      <Filter>src\utility</Filter>
    </ClCompile>
    <ClCompile Include="..\..\..\..\src\utility\string.cpp">
      <Filter>src\utility</Filter>
    </ClCompile>
    <ClCompile Include="..\..\..\..\src\utility\thread.cpp">
      <Filter>src\utility</Filter>
    </ClCompile>
    <ClCompile Include="..\..\..\..\src\utility\threadpool.cpp">
      <Filter>src\utility</Filter>
    </ClCompile>
    <ClCompile Include="..\..\..\..\src\utility\work.cpp">
      <Filter>src\utility</Filter>
    </ClCompile>
    <ClCompile Include="..\..\..\..\src\wallet\bitcoin_uri.cpp">
      <Filter>src\wallet</Filter>
    </ClCompile>
    <ClCompile Include="..\..\..\..\src\wallet\dictionary_cs.cpp">
      <Filter>src\wallet</Filter>
    </ClCompile>
    <ClCompile Include="..\..\..\..\src\wallet\dictionary_en.cpp">
      <Filter>src\wallet</Filter>
    </ClCompile>
    <ClCompile Include="..\..\..\..\src\wallet\dictionary_es.cpp">
      <Filter>src\wallet</Filter>
    </ClCompile>
    <ClCompile Include="..\..\..\..\src\wallet\dictionary_fr.cpp">
      <Filter>src\wallet</Filter>
    </ClCompile>
    <ClCompile Include="..\..\..\..\src\wallet\dictionary_it.cpp">
      <Filter>src\wallet</Filter>
    </ClCompile>
    <ClCompile Include="..\..\..\..\src\wallet\dictionary_ja.cpp">
      <Filter>src\wallet</Filter>
    </ClCompile>
    <ClCompile Include="..\..\..\..\src\wallet\dictionary_ru.cpp">
      <Filter>src\wallet</Filter>
    </ClCompile>
    <ClCompile Include="..\..\..\..\src\wallet\dictionary_uk.cpp">
      <Filter>src\wallet</Filter>
    </ClCompile>
    <ClCompile Include="..\..\..\..\src\wallet\dictionary_zh_Hans.cpp">
      <Filter>src\wallet</Filter>
    </ClCompile>
    <ClCompile Include="..\..\..\..\src\wallet\dictionary_zh_Hant.cpp">
      <Filter>src\wallet</Filter>
    </ClCompile>
    <ClCompile Include="..\..\..\..\src\wallet\ec_private.cpp">
      <Filter>src\wallet</Filter>
    </ClCompile>
    <ClCompile Include="..\..\..\..\src\wallet\ec_public.cpp">
      <Filter>src\wallet</Filter>
    </ClCompile>
    <ClCompile Include="..\..\..\..\src\wallet\ek_private.cpp">
      <Filter>src\wallet</Filter>
    </ClCompile>
    <ClCompile Include="..\..\..\..\src\wallet\ek_public.cpp">
      <Filter>src\wallet</Filter>
    </ClCompile>
    <ClCompile Include="..\..\..\..\src\wallet\ek_token.cpp">
      <Filter>src\wallet</Filter>
    </ClCompile>
    <ClCompile Include="..\..\..\..\src\wallet\electrum.cpp">
      <Filter>src\wallet</Filter>
    </ClCompile>
    <ClCompile Include="..\..\..\..\src\wallet\electrum_dictionary.cpp">
      <Filter>src\wallet</Filter>
    </ClCompile>
    <ClCompile Include="..\..\..\..\src\wallet\electrum_dictionary_en.cpp">
      <Filter>src\wallet</Filter>
    </ClCompile>
    <ClCompile Include="..\..\..\..\src\wallet\electrum_dictionary_es.cpp">
      <Filter>src\wallet</Filter>
    </ClCompile>
    <ClCompile Include="..\..\..\..\src\wallet\electrum_dictionary_ja.cpp">
      <Filter>src\wallet</Filter>
    </ClCompile>
    <ClCompile Include="..\..\..\..\src\wallet\electrum_dictionary_pt.cpp">
      <Filter>src\wallet</Filter>
    </ClCompile>
    <ClCompile Include="..\..\..\..\src\wallet\electrum_dictionary_zh_Hans.cpp">
      <Filter>src\wallet</Filter>
    </ClCompile>
    <ClCompile Include="..\..\..\..\src\wallet\encrypted_keys.cpp">
      <Filter>src\wallet</Filter>
    </ClCompile>
    <ClCompile Include="..\..\..\..\src\wallet\hd_private.cpp">
      <Filter>src\wallet</Filter>
    </ClCompile>
    <ClCompile Include="..\..\..\..\src\wallet\hd_public.cpp">
      <Filter>src\wallet</Filter>
    </ClCompile>
    <ClCompile Include="..\..\..\..\src\wallet\message.cpp">
      <Filter>src\wallet</Filter>
    </ClCompile>
    <ClCompile Include="..\..\..\..\src\wallet\mini_keys.cpp">
      <Filter>src\wallet</Filter>
    </ClCompile>
    <ClCompile Include="..\..\..\..\src\wallet\mnemonic.cpp">
      <Filter>src\wallet</Filter>
    </ClCompile>
    <ClCompile Include="..\..\..\..\src\wallet\parse_encrypted_keys\parse_encrypted_private.cpp">
      <Filter>src\wallet\parse_encrypted_keys</Filter>
    </ClCompile>
    <ClCompile Include="..\..\..\..\src\wallet\parse_encrypted_keys\parse_encrypted_public.cpp">
      <Filter>src\wallet\parse_encrypted_keys</Filter>
    </ClCompile>
    <ClCompile Include="..\..\..\..\src\wallet\parse_encrypted_keys\parse_encrypted_token.cpp">
      <Filter>src\wallet\parse_encrypted_keys</Filter>
    </ClCompile>
    <ClCompile Include="..\..\..\..\src\wallet\payment_address.cpp">
      <Filter>src\wallet</Filter>
    </ClCompile>
    <ClCompile Include="..\..\..\..\src\wallet\qrcode.cpp">
      <Filter>src\wallet</Filter>
    </ClCompile>
    <ClCompile Include="..\..\..\..\src\wallet\select_outputs.cpp">
      <Filter>src\wallet</Filter>
    </ClCompile>
    <ClCompile Include="..\..\..\..\src\wallet\stealth_address.cpp">
      <Filter>src\wallet</Filter>
    </ClCompile>
    <ClCompile Include="..\..\..\..\src\wallet\stealth_receiver.cpp">
      <Filter>src\wallet</Filter>
    </ClCompile>
    <ClCompile Include="..\..\..\..\src\wallet\stealth_sender.cpp">
      <Filter>src\wallet</Filter>
    </ClCompile>
    <ClCompile Include="..\..\..\..\src\wallet\uri.cpp">
      <Filter>src\wallet</Filter>
    </ClCompile>
  </ItemGroup>
  <ItemGroup>
    <ClInclude Include="..\..\..\..\include\bitcoin\bitcoin.hpp">
      <Filter>include\bitcoin</Filter>
    </ClInclude>
    <ClInclude Include="..\..\..\..\include\bitcoin\bitcoin\chain\block.hpp">
      <Filter>include\bitcoin\bitcoin\chain</Filter>
    </ClInclude>
    <ClInclude Include="..\..\..\..\include\bitcoin\bitcoin\chain\chain_state.hpp">
      <Filter>include\bitcoin\bitcoin\chain</Filter>
    </ClInclude>
    <ClInclude Include="..\..\..\..\include\bitcoin\bitcoin\chain\compact.hpp">
      <Filter>include\bitcoin\bitcoin\chain</Filter>
    </ClInclude>
    <ClInclude Include="..\..\..\..\include\bitcoin\bitcoin\chain\header.hpp">
      <Filter>include\bitcoin\bitcoin\chain</Filter>
    </ClInclude>
    <ClInclude Include="..\..\..\..\include\bitcoin\bitcoin\chain\input.hpp">
      <Filter>include\bitcoin\bitcoin\chain</Filter>
    </ClInclude>
    <ClInclude Include="..\..\..\..\include\bitcoin\bitcoin\chain\input_point.hpp">
      <Filter>include\bitcoin\bitcoin\chain</Filter>
    </ClInclude>
    <ClInclude Include="..\..\..\..\include\bitcoin\bitcoin\chain\output.hpp">
      <Filter>include\bitcoin\bitcoin\chain</Filter>
    </ClInclude>
    <ClInclude Include="..\..\..\..\include\bitcoin\bitcoin\chain\output_point.hpp">
      <Filter>include\bitcoin\bitcoin\chain</Filter>
    </ClInclude>
    <ClInclude Include="..\..\..\..\include\bitcoin\bitcoin\chain\payment_record.hpp">
      <Filter>include\bitcoin\bitcoin\chain</Filter>
    </ClInclude>
    <ClInclude Include="..\..\..\..\include\bitcoin\bitcoin\chain\point.hpp">
      <Filter>include\bitcoin\bitcoin\chain</Filter>
    </ClInclude>
    <ClInclude Include="..\..\..\..\include\bitcoin\bitcoin\chain\point_value.hpp">
      <Filter>include\bitcoin\bitcoin\chain</Filter>
    </ClInclude>
    <ClInclude Include="..\..\..\..\include\bitcoin\bitcoin\chain\points_value.hpp">
      <Filter>include\bitcoin\bitcoin\chain</Filter>
    </ClInclude>
    <ClInclude Include="..\..\..\..\include\bitcoin\bitcoin\chain\script.hpp">
      <Filter>include\bitcoin\bitcoin\chain</Filter>
    </ClInclude>
    <ClInclude Include="..\..\..\..\include\bitcoin\bitcoin\chain\stealth_record.hpp">
      <Filter>include\bitcoin\bitcoin\chain</Filter>
    </ClInclude>
    <ClInclude Include="..\..\..\..\include\bitcoin\bitcoin\chain\transaction.hpp">
      <Filter>include\bitcoin\bitcoin\chain</Filter>
    </ClInclude>
    <ClInclude Include="..\..\..\..\include\bitcoin\bitcoin\chain\witness.hpp">
      <Filter>include\bitcoin\bitcoin\chain</Filter>
    </ClInclude>
    <ClInclude Include="..\..\..\..\include\bitcoin\bitcoin\compat.h">
      <Filter>include\bitcoin\bitcoin</Filter>
    </ClInclude>
    <ClInclude Include="..\..\..\..\include\bitcoin\bitcoin\compat.hpp">
      <Filter>include\bitcoin\bitcoin</Filter>
    </ClInclude>
    <ClInclude Include="..\..\..\..\include\bitcoin\bitcoin\config\authority.hpp">
      <Filter>include\bitcoin\bitcoin\config</Filter>
    </ClInclude>
    <ClInclude Include="..\..\..\..\include\bitcoin\bitcoin\config\base16.hpp">
      <Filter>include\bitcoin\bitcoin\config</Filter>
    </ClInclude>
    <ClInclude Include="..\..\..\..\include\bitcoin\bitcoin\config\base2.hpp">
      <Filter>include\bitcoin\bitcoin\config</Filter>
    </ClInclude>
    <ClInclude Include="..\..\..\..\include\bitcoin\bitcoin\config\base58.hpp">
      <Filter>include\bitcoin\bitcoin\config</Filter>
    </ClInclude>
    <ClInclude Include="..\..\..\..\include\bitcoin\bitcoin\config\base64.hpp">
      <Filter>include\bitcoin\bitcoin\config</Filter>
    </ClInclude>
    <ClInclude Include="..\..\..\..\include\bitcoin\bitcoin\config\block.hpp">
      <Filter>include\bitcoin\bitcoin\config</Filter>
    </ClInclude>
    <ClInclude Include="..\..\..\..\include\bitcoin\bitcoin\config\checkpoint.hpp">
      <Filter>include\bitcoin\bitcoin\config</Filter>
    </ClInclude>
    <ClInclude Include="..\..\..\..\include\bitcoin\bitcoin\config\directory.hpp">
      <Filter>include\bitcoin\bitcoin\config</Filter>
    </ClInclude>
    <ClInclude Include="..\..\..\..\include\bitcoin\bitcoin\config\endpoint.hpp">
      <Filter>include\bitcoin\bitcoin\config</Filter>
    </ClInclude>
    <ClInclude Include="..\..\..\..\include\bitcoin\bitcoin\config\hash160.hpp">
      <Filter>include\bitcoin\bitcoin\config</Filter>
    </ClInclude>
    <ClInclude Include="..\..\..\..\include\bitcoin\bitcoin\config\hash256.hpp">
      <Filter>include\bitcoin\bitcoin\config</Filter>
    </ClInclude>
    <ClInclude Include="..\..\..\..\include\bitcoin\bitcoin\config\header.hpp">
      <Filter>include\bitcoin\bitcoin\config</Filter>
    </ClInclude>
    <ClInclude Include="..\..\..\..\include\bitcoin\bitcoin\config\input.hpp">
      <Filter>include\bitcoin\bitcoin\config</Filter>
    </ClInclude>
    <ClInclude Include="..\..\..\..\include\bitcoin\bitcoin\config\output.hpp">
      <Filter>include\bitcoin\bitcoin\config</Filter>
    </ClInclude>
    <ClInclude Include="..\..\..\..\include\bitcoin\bitcoin\config\parameter.hpp">
      <Filter>include\bitcoin\bitcoin\config</Filter>
    </ClInclude>
    <ClInclude Include="..\..\..\..\include\bitcoin\bitcoin\config\parser.hpp">
      <Filter>include\bitcoin\bitcoin\config</Filter>
    </ClInclude>
    <ClInclude Include="..\..\..\..\include\bitcoin\bitcoin\config\point.hpp">
      <Filter>include\bitcoin\bitcoin\config</Filter>
    </ClInclude>
    <ClInclude Include="..\..\..\..\include\bitcoin\bitcoin\config\printer.hpp">
      <Filter>include\bitcoin\bitcoin\config</Filter>
    </ClInclude>
    <ClInclude Include="..\..\..\..\include\bitcoin\bitcoin\config\script.hpp">
      <Filter>include\bitcoin\bitcoin\config</Filter>
    </ClInclude>
    <ClInclude Include="..\..\..\..\include\bitcoin\bitcoin\config\settings.hpp">
      <Filter>include\bitcoin\bitcoin\config</Filter>
    </ClInclude>
    <ClInclude Include="..\..\..\..\include\bitcoin\bitcoin\config\sodium.hpp">
      <Filter>include\bitcoin\bitcoin\config</Filter>
    </ClInclude>
    <ClInclude Include="..\..\..\..\include\bitcoin\bitcoin\config\transaction.hpp">
      <Filter>include\bitcoin\bitcoin\config</Filter>
    </ClInclude>
    <ClInclude Include="..\..\..\..\include\bitcoin\bitcoin\constants.hpp">
      <Filter>include\bitcoin\bitcoin</Filter>
    </ClInclude>
    <ClInclude Include="..\..\..\..\include\bitcoin\bitcoin\define.hpp">
      <Filter>include\bitcoin\bitcoin</Filter>
    </ClInclude>
    <ClInclude Include="..\..\..\..\include\bitcoin\bitcoin\error.hpp">
      <Filter>include\bitcoin\bitcoin</Filter>
    </ClInclude>
    <ClInclude Include="..\..\..\..\include\bitcoin\bitcoin\formats\base_10.hpp">
      <Filter>include\bitcoin\bitcoin\formats</Filter>
    </ClInclude>
    <ClInclude Include="..\..\..\..\include\bitcoin\bitcoin\formats\base_16.hpp">
      <Filter>include\bitcoin\bitcoin\formats</Filter>
    </ClInclude>
    <ClInclude Include="..\..\..\..\include\bitcoin\bitcoin\formats\base_32.hpp">
      <Filter>include\bitcoin\bitcoin\formats</Filter>
    </ClInclude>
    <ClInclude Include="..\..\..\..\include\bitcoin\bitcoin\formats\base_58.hpp">
      <Filter>include\bitcoin\bitcoin\formats</Filter>
    </ClInclude>
    <ClInclude Include="..\..\..\..\include\bitcoin\bitcoin\formats\base_64.hpp">
      <Filter>include\bitcoin\bitcoin\formats</Filter>
    </ClInclude>
    <ClInclude Include="..\..\..\..\include\bitcoin\bitcoin\formats\base_85.hpp">
      <Filter>include\bitcoin\bitcoin\formats</Filter>
    </ClInclude>
    <ClInclude Include="..\..\..\..\include\bitcoin\bitcoin\handlers.hpp">
      <Filter>include\bitcoin\bitcoin</Filter>
    </ClInclude>
    <ClInclude Include="..\..\..\..\include\bitcoin\bitcoin\log\attributes.hpp">
      <Filter>include\bitcoin\bitcoin\log</Filter>
    </ClInclude>
    <ClInclude Include="..\..\..\..\include\bitcoin\bitcoin\log\features\counter.hpp">
      <Filter>include\bitcoin\bitcoin\log\features</Filter>
    </ClInclude>
    <ClInclude Include="..\..\..\..\include\bitcoin\bitcoin\log\features\gauge.hpp">
      <Filter>include\bitcoin\bitcoin\log\features</Filter>
    </ClInclude>
    <ClInclude Include="..\..\..\..\include\bitcoin\bitcoin\log\features\metric.hpp">
      <Filter>include\bitcoin\bitcoin\log\features</Filter>
    </ClInclude>
    <ClInclude Include="..\..\..\..\include\bitcoin\bitcoin\log\features\rate.hpp">
      <Filter>include\bitcoin\bitcoin\log\features</Filter>
    </ClInclude>
    <ClInclude Include="..\..\..\..\include\bitcoin\bitcoin\log\features\timer.hpp">
      <Filter>include\bitcoin\bitcoin\log\features</Filter>
    </ClInclude>
    <ClInclude Include="..\..\..\..\include\bitcoin\bitcoin\log\file_char_traits.hpp">
      <Filter>include\bitcoin\bitcoin\log</Filter>
    </ClInclude>
    <ClInclude Include="..\..\..\..\include\bitcoin\bitcoin\log\file_collector.hpp">
      <Filter>include\bitcoin\bitcoin\log</Filter>
    </ClInclude>
    <ClInclude Include="..\..\..\..\include\bitcoin\bitcoin\log\file_collector_repository.hpp">
      <Filter>include\bitcoin\bitcoin\log</Filter>
    </ClInclude>
    <ClInclude Include="..\..\..\..\include\bitcoin\bitcoin\log\file_counter_formatter.hpp">
      <Filter>include\bitcoin\bitcoin\log</Filter>
    </ClInclude>
    <ClInclude Include="..\..\..\..\include\bitcoin\bitcoin\log\rotable_file.hpp">
      <Filter>include\bitcoin\bitcoin\log</Filter>
    </ClInclude>
    <ClInclude Include="..\..\..\..\include\bitcoin\bitcoin\log\severity.hpp">
      <Filter>include\bitcoin\bitcoin\log</Filter>
    </ClInclude>
    <ClInclude Include="..\..\..\..\include\bitcoin\bitcoin\log\sink.hpp">
      <Filter>include\bitcoin\bitcoin\log</Filter>
    </ClInclude>
    <ClInclude Include="..\..\..\..\include\bitcoin\bitcoin\log\source.hpp">
      <Filter>include\bitcoin\bitcoin\log</Filter>
    </ClInclude>
    <ClInclude Include="..\..\..\..\include\bitcoin\bitcoin\log\statsd_sink.hpp">
      <Filter>include\bitcoin\bitcoin\log</Filter>
    </ClInclude>
    <ClInclude Include="..\..\..\..\include\bitcoin\bitcoin\log\statsd_source.hpp">
      <Filter>include\bitcoin\bitcoin\log</Filter>
    </ClInclude>
    <ClInclude Include="..\..\..\..\include\bitcoin\bitcoin\log\udp_client_sink.hpp">
      <Filter>include\bitcoin\bitcoin\log</Filter>
    </ClInclude>
    <ClInclude Include="..\..\..\..\include\bitcoin\bitcoin\machine\interpreter.hpp">
      <Filter>include\bitcoin\bitcoin\machine</Filter>
    </ClInclude>
    <ClInclude Include="..\..\..\..\include\bitcoin\bitcoin\machine\number.hpp">
      <Filter>include\bitcoin\bitcoin\machine</Filter>
    </ClInclude>
    <ClInclude Include="..\..\..\..\include\bitcoin\bitcoin\machine\opcode.hpp">
      <Filter>include\bitcoin\bitcoin\machine</Filter>
    </ClInclude>
    <ClInclude Include="..\..\..\..\include\bitcoin\bitcoin\machine\operation.hpp">
      <Filter>include\bitcoin\bitcoin\machine</Filter>
    </ClInclude>
    <ClInclude Include="..\..\..\..\include\bitcoin\bitcoin\machine\program.hpp">
      <Filter>include\bitcoin\bitcoin\machine</Filter>
    </ClInclude>
    <ClInclude Include="..\..\..\..\include\bitcoin\bitcoin\machine\rule_fork.hpp">
      <Filter>include\bitcoin\bitcoin\machine</Filter>
    </ClInclude>
    <ClInclude Include="..\..\..\..\include\bitcoin\bitcoin\machine\script_pattern.hpp">
      <Filter>include\bitcoin\bitcoin\machine</Filter>
    </ClInclude>
    <ClInclude Include="..\..\..\..\include\bitcoin\bitcoin\machine\script_version.hpp">
      <Filter>include\bitcoin\bitcoin\machine</Filter>
    </ClInclude>
    <ClInclude Include="..\..\..\..\include\bitcoin\bitcoin\machine\sighash_algorithm.hpp">
      <Filter>include\bitcoin\bitcoin\machine</Filter>
    </ClInclude>
    <ClInclude Include="..\..\..\..\include\bitcoin\bitcoin\math\checksum.hpp">
      <Filter>include\bitcoin\bitcoin\math</Filter>
    </ClInclude>
    <ClInclude Include="..\..\..\..\include\bitcoin\bitcoin\math\crypto.hpp">
      <Filter>include\bitcoin\bitcoin\math</Filter>
    </ClInclude>
    <ClInclude Include="..\..\..\..\include\bitcoin\bitcoin\math\ec_point.hpp">
      <Filter>include\bitcoin\bitcoin\math</Filter>
    </ClInclude>
    <ClInclude Include="..\..\..\..\include\bitcoin\bitcoin\math\ec_scalar.hpp">
      <Filter>include\bitcoin\bitcoin\math</Filter>
    </ClInclude>
    <ClInclude Include="..\..\..\..\include\bitcoin\bitcoin\math\elliptic_curve.hpp">
      <Filter>include\bitcoin\bitcoin\math</Filter>
    </ClInclude>
    <ClInclude Include="..\..\..\..\include\bitcoin\bitcoin\math\hash.hpp">
      <Filter>include\bitcoin\bitcoin\math</Filter>
    </ClInclude>
    <ClInclude Include="..\..\..\..\include\bitcoin\bitcoin\math\limits.hpp">
      <Filter>include\bitcoin\bitcoin\math</Filter>
    </ClInclude>
    <ClInclude Include="..\..\..\..\include\bitcoin\bitcoin\math\ring_signature.hpp">
      <Filter>include\bitcoin\bitcoin\math</Filter>
    </ClInclude>
    <ClInclude Include="..\..\..\..\include\bitcoin\bitcoin\math\stealth.hpp">
      <Filter>include\bitcoin\bitcoin\math</Filter>
    </ClInclude>
    <ClInclude Include="..\..\..\..\include\bitcoin\bitcoin\math\uint256.hpp">
      <Filter>include\bitcoin\bitcoin\math</Filter>
    </ClInclude>
    <ClInclude Include="..\..\..\..\include\bitcoin\bitcoin\message\address.hpp">
      <Filter>include\bitcoin\bitcoin\message</Filter>
    </ClInclude>
    <ClInclude Include="..\..\..\..\include\bitcoin\bitcoin\message\alert.hpp">
      <Filter>include\bitcoin\bitcoin\message</Filter>
    </ClInclude>
    <ClInclude Include="..\..\..\..\include\bitcoin\bitcoin\message\alert_payload.hpp">
      <Filter>include\bitcoin\bitcoin\message</Filter>
    </ClInclude>
    <ClInclude Include="..\..\..\..\include\bitcoin\bitcoin\message\block.hpp">
      <Filter>include\bitcoin\bitcoin\message</Filter>
    </ClInclude>
    <ClInclude Include="..\..\..\..\include\bitcoin\bitcoin\message\block_transactions.hpp">
      <Filter>include\bitcoin\bitcoin\message</Filter>
    </ClInclude>
    <ClInclude Include="..\..\..\..\include\bitcoin\bitcoin\message\compact_block.hpp">
      <Filter>include\bitcoin\bitcoin\message</Filter>
    </ClInclude>
    <ClInclude Include="..\..\..\..\include\bitcoin\bitcoin\message\fee_filter.hpp">
      <Filter>include\bitcoin\bitcoin\message</Filter>
    </ClInclude>
    <ClInclude Include="..\..\..\..\include\bitcoin\bitcoin\message\filter_add.hpp">
      <Filter>include\bitcoin\bitcoin\message</Filter>
    </ClInclude>
    <ClInclude Include="..\..\..\..\include\bitcoin\bitcoin\message\filter_clear.hpp">
      <Filter>include\bitcoin\bitcoin\message</Filter>
    </ClInclude>
    <ClInclude Include="..\..\..\..\include\bitcoin\bitcoin\message\filter_load.hpp">
      <Filter>include\bitcoin\bitcoin\message</Filter>
    </ClInclude>
    <ClInclude Include="..\..\..\..\include\bitcoin\bitcoin\message\get_address.hpp">
      <Filter>include\bitcoin\bitcoin\message</Filter>
    </ClInclude>
    <ClInclude Include="..\..\..\..\include\bitcoin\bitcoin\message\get_block_transactions.hpp">
      <Filter>include\bitcoin\bitcoin\message</Filter>
    </ClInclude>
    <ClInclude Include="..\..\..\..\include\bitcoin\bitcoin\message\get_blocks.hpp">
      <Filter>include\bitcoin\bitcoin\message</Filter>
    </ClInclude>
    <ClInclude Include="..\..\..\..\include\bitcoin\bitcoin\message\get_data.hpp">
      <Filter>include\bitcoin\bitcoin\message</Filter>
    </ClInclude>
    <ClInclude Include="..\..\..\..\include\bitcoin\bitcoin\message\get_headers.hpp">
      <Filter>include\bitcoin\bitcoin\message</Filter>
    </ClInclude>
    <ClInclude Include="..\..\..\..\include\bitcoin\bitcoin\message\header.hpp">
      <Filter>include\bitcoin\bitcoin\message</Filter>
    </ClInclude>
    <ClInclude Include="..\..\..\..\include\bitcoin\bitcoin\message\headers.hpp">
      <Filter>include\bitcoin\bitcoin\message</Filter>
    </ClInclude>
    <ClInclude Include="..\..\..\..\include\bitcoin\bitcoin\message\heading.hpp">
      <Filter>include\bitcoin\bitcoin\message</Filter>
    </ClInclude>
    <ClInclude Include="..\..\..\..\include\bitcoin\bitcoin\message\inventory.hpp">
      <Filter>include\bitcoin\bitcoin\message</Filter>
    </ClInclude>
    <ClInclude Include="..\..\..\..\include\bitcoin\bitcoin\message\inventory_vector.hpp">
      <Filter>include\bitcoin\bitcoin\message</Filter>
    </ClInclude>
    <ClInclude Include="..\..\..\..\include\bitcoin\bitcoin\message\memory_pool.hpp">
      <Filter>include\bitcoin\bitcoin\message</Filter>
    </ClInclude>
    <ClInclude Include="..\..\..\..\include\bitcoin\bitcoin\message\merkle_block.hpp">
      <Filter>include\bitcoin\bitcoin\message</Filter>
    </ClInclude>
    <ClInclude Include="..\..\..\..\include\bitcoin\bitcoin\message\messages.hpp">
      <Filter>include\bitcoin\bitcoin\message</Filter>
    </ClInclude>
    <ClInclude Include="..\..\..\..\include\bitcoin\bitcoin\message\network_address.hpp">
      <Filter>include\bitcoin\bitcoin\message</Filter>
    </ClInclude>
    <ClInclude Include="..\..\..\..\include\bitcoin\bitcoin\message\not_found.hpp">
      <Filter>include\bitcoin\bitcoin\message</Filter>
    </ClInclude>
    <ClInclude Include="..\..\..\..\include\bitcoin\bitcoin\message\ping.hpp">
      <Filter>include\bitcoin\bitcoin\message</Filter>
    </ClInclude>
    <ClInclude Include="..\..\..\..\include\bitcoin\bitcoin\message\pong.hpp">
      <Filter>include\bitcoin\bitcoin\message</Filter>
    </ClInclude>
    <ClInclude Include="..\..\..\..\include\bitcoin\bitcoin\message\prefilled_transaction.hpp">
      <Filter>include\bitcoin\bitcoin\message</Filter>
    </ClInclude>
    <ClInclude Include="..\..\..\..\include\bitcoin\bitcoin\message\reject.hpp">
      <Filter>include\bitcoin\bitcoin\message</Filter>
    </ClInclude>
    <ClInclude Include="..\..\..\..\include\bitcoin\bitcoin\message\send_compact.hpp">
      <Filter>include\bitcoin\bitcoin\message</Filter>
    </ClInclude>
    <ClInclude Include="..\..\..\..\include\bitcoin\bitcoin\message\send_headers.hpp">
      <Filter>include\bitcoin\bitcoin\message</Filter>
    </ClInclude>
    <ClInclude Include="..\..\..\..\include\bitcoin\bitcoin\message\transaction.hpp">
      <Filter>include\bitcoin\bitcoin\message</Filter>
    </ClInclude>
    <ClInclude Include="..\..\..\..\include\bitcoin\bitcoin\message\verack.hpp">
      <Filter>include\bitcoin\bitcoin\message</Filter>
    </ClInclude>
    <ClInclude Include="..\..\..\..\include\bitcoin\bitcoin\message\version.hpp">
      <Filter>include\bitcoin\bitcoin\message</Filter>
    </ClInclude>
    <ClInclude Include="..\..\..\..\include\bitcoin\bitcoin\settings.hpp">
      <Filter>include\bitcoin\bitcoin</Filter>
    </ClInclude>
    <ClInclude Include="..\..\..\..\include\bitcoin\bitcoin\unicode\console_streambuf.hpp">
      <Filter>include\bitcoin\bitcoin\unicode</Filter>
    </ClInclude>
    <ClInclude Include="..\..\..\..\include\bitcoin\bitcoin\unicode\file_lock.hpp">
      <Filter>include\bitcoin\bitcoin\unicode</Filter>
    </ClInclude>
    <ClInclude Include="..\..\..\..\include\bitcoin\bitcoin\unicode\ifstream.hpp">
      <Filter>include\bitcoin\bitcoin\unicode</Filter>
    </ClInclude>
    <ClInclude Include="..\..\..\..\include\bitcoin\bitcoin\unicode\ofstream.hpp">
      <Filter>include\bitcoin\bitcoin\unicode</Filter>
    </ClInclude>
    <ClInclude Include="..\..\..\..\include\bitcoin\bitcoin\unicode\unicode.hpp">
      <Filter>include\bitcoin\bitcoin\unicode</Filter>
    </ClInclude>
    <ClInclude Include="..\..\..\..\include\bitcoin\bitcoin\unicode\unicode_istream.hpp">
      <Filter>include\bitcoin\bitcoin\unicode</Filter>
    </ClInclude>
    <ClInclude Include="..\..\..\..\include\bitcoin\bitcoin\unicode\unicode_ostream.hpp">
      <Filter>include\bitcoin\bitcoin\unicode</Filter>
    </ClInclude>
    <ClInclude Include="..\..\..\..\include\bitcoin\bitcoin\unicode\unicode_streambuf.hpp">
      <Filter>include\bitcoin\bitcoin\unicode</Filter>
    </ClInclude>
    <ClInclude Include="..\..\..\..\include\bitcoin\bitcoin\utility\array_slice.hpp">
      <Filter>include\bitcoin\bitcoin\utility</Filter>
    </ClInclude>
    <ClInclude Include="..\..\..\..\include\bitcoin\bitcoin\utility\asio.hpp">
      <Filter>include\bitcoin\bitcoin\utility</Filter>
    </ClInclude>
    <ClInclude Include="..\..\..\..\include\bitcoin\bitcoin\utility\assert.hpp">
      <Filter>include\bitcoin\bitcoin\utility</Filter>
    </ClInclude>
    <ClInclude Include="..\..\..\..\include\bitcoin\bitcoin\utility\atomic.hpp">
      <Filter>include\bitcoin\bitcoin\utility</Filter>
    </ClInclude>
    <ClInclude Include="..\..\..\..\include\bitcoin\bitcoin\utility\binary.hpp">
      <Filter>include\bitcoin\bitcoin\utility</Filter>
    </ClInclude>
    <ClInclude Include="..\..\..\..\include\bitcoin\bitcoin\utility\collection.hpp">
      <Filter>include\bitcoin\bitcoin\utility</Filter>
    </ClInclude>
    <ClInclude Include="..\..\..\..\include\bitcoin\bitcoin\utility\color.hpp">
      <Filter>include\bitcoin\bitcoin\utility</Filter>
    </ClInclude>
    <ClInclude Include="..\..\..\..\include\bitcoin\bitcoin\utility\conditional_lock.hpp">
      <Filter>include\bitcoin\bitcoin\utility</Filter>
    </ClInclude>
    <ClInclude Include="..\..\..\..\include\bitcoin\bitcoin\utility\container_sink.hpp">
      <Filter>include\bitcoin\bitcoin\utility</Filter>
    </ClInclude>
    <ClInclude Include="..\..\..\..\include\bitcoin\bitcoin\utility\container_source.hpp">
      <Filter>include\bitcoin\bitcoin\utility</Filter>
    </ClInclude>
    <ClInclude Include="..\..\..\..\include\bitcoin\bitcoin\utility\data.hpp">
      <Filter>include\bitcoin\bitcoin\utility</Filter>
    </ClInclude>
    <ClInclude Include="..\..\..\..\include\bitcoin\bitcoin\utility\deadline.hpp">
      <Filter>include\bitcoin\bitcoin\utility</Filter>
    </ClInclude>
    <ClInclude Include="..\..\..\..\include\bitcoin\bitcoin\utility\decorator.hpp">
      <Filter>include\bitcoin\bitcoin\utility</Filter>
    </ClInclude>
    <ClInclude Include="..\..\..\..\include\bitcoin\bitcoin\utility\delegates.hpp">
      <Filter>include\bitcoin\bitcoin\utility</Filter>
    </ClInclude>
    <ClInclude Include="..\..\..\..\include\bitcoin\bitcoin\utility\deserializer.hpp">
      <Filter>include\bitcoin\bitcoin\utility</Filter>
    </ClInclude>
    <ClInclude Include="..\..\..\..\include\bitcoin\bitcoin\utility\dispatcher.hpp">
      <Filter>include\bitcoin\bitcoin\utility</Filter>
    </ClInclude>
    <ClInclude Include="..\..\..\..\include\bitcoin\bitcoin\utility\enable_shared_from_base.hpp">
      <Filter>include\bitcoin\bitcoin\utility</Filter>
    </ClInclude>
    <ClInclude Include="..\..\..\..\include\bitcoin\bitcoin\utility\endian.hpp">
      <Filter>include\bitcoin\bitcoin\utility</Filter>
    </ClInclude>
    <ClInclude Include="..\..\..\..\include\bitcoin\bitcoin\utility\exceptions.hpp">
      <Filter>include\bitcoin\bitcoin\utility</Filter>
    </ClInclude>
    <ClInclude Include="..\..\..\..\include\bitcoin\bitcoin\utility\flush_lock.hpp">
      <Filter>include\bitcoin\bitcoin\utility</Filter>
    </ClInclude>
    <ClInclude Include="..\..\..\..\include\bitcoin\bitcoin\utility\interprocess_lock.hpp">
      <Filter>include\bitcoin\bitcoin\utility</Filter>
    </ClInclude>
    <ClInclude Include="..\..\..\..\include\bitcoin\bitcoin\utility\istream_reader.hpp">
      <Filter>include\bitcoin\bitcoin\utility</Filter>
    </ClInclude>
    <ClInclude Include="..\..\..\..\include\bitcoin\bitcoin\utility\monitor.hpp">
      <Filter>include\bitcoin\bitcoin\utility</Filter>
    </ClInclude>
    <ClInclude Include="..\..\..\..\include\bitcoin\bitcoin\utility\noncopyable.hpp">
      <Filter>include\bitcoin\bitcoin\utility</Filter>
    </ClInclude>
    <ClInclude Include="..\..\..\..\include\bitcoin\bitcoin\utility\ostream_writer.hpp">
      <Filter>include\bitcoin\bitcoin\utility</Filter>
    </ClInclude>
    <ClInclude Include="..\..\..\..\include\bitcoin\bitcoin\utility\pending.hpp">
      <Filter>include\bitcoin\bitcoin\utility</Filter>
    </ClInclude>
    <ClInclude Include="..\..\..\..\include\bitcoin\bitcoin\utility\png.hpp">
      <Filter>include\bitcoin\bitcoin\utility</Filter>
    </ClInclude>
    <ClInclude Include="..\..\..\..\include\bitcoin\bitcoin\utility\prioritized_mutex.hpp">
      <Filter>include\bitcoin\bitcoin\utility</Filter>
    </ClInclude>
    <ClInclude Include="..\..\..\..\include\bitcoin\bitcoin\utility\property_tree.hpp">
      <Filter>include\bitcoin\bitcoin\utility</Filter>
    </ClInclude>
    <ClInclude Include="..\..\..\..\include\bitcoin\bitcoin\utility\pseudo_random.hpp">
      <Filter>include\bitcoin\bitcoin\utility</Filter>
    </ClInclude>
    <ClInclude Include="..\..\..\..\include\bitcoin\bitcoin\utility\reader.hpp">
      <Filter>include\bitcoin\bitcoin\utility</Filter>
    </ClInclude>
    <ClInclude Include="..\..\..\..\include\bitcoin\bitcoin\utility\resubscriber.hpp">
      <Filter>include\bitcoin\bitcoin\utility</Filter>
    </ClInclude>
    <ClInclude Include="..\..\..\..\include\bitcoin\bitcoin\utility\scope_lock.hpp">
      <Filter>include\bitcoin\bitcoin\utility</Filter>
    </ClInclude>
    <ClInclude Include="..\..\..\..\include\bitcoin\bitcoin\utility\sequencer.hpp">
      <Filter>include\bitcoin\bitcoin\utility</Filter>
    </ClInclude>
    <ClInclude Include="..\..\..\..\include\bitcoin\bitcoin\utility\sequential_lock.hpp">
      <Filter>include\bitcoin\bitcoin\utility</Filter>
    </ClInclude>
    <ClInclude Include="..\..\..\..\include\bitcoin\bitcoin\utility\serializer.hpp">
      <Filter>include\bitcoin\bitcoin\utility</Filter>
    </ClInclude>
    <ClInclude Include="..\..\..\..\include\bitcoin\bitcoin\utility\socket.hpp">
      <Filter>include\bitcoin\bitcoin\utility</Filter>
    </ClInclude>
    <ClInclude Include="..\..\..\..\include\bitcoin\bitcoin\utility\string.hpp">
      <Filter>include\bitcoin\bitcoin\utility</Filter>
    </ClInclude>
    <ClInclude Include="..\..\..\..\include\bitcoin\bitcoin\utility\subscriber.hpp">
      <Filter>include\bitcoin\bitcoin\utility</Filter>
    </ClInclude>
    <ClInclude Include="..\..\..\..\include\bitcoin\bitcoin\utility\synchronizer.hpp">
      <Filter>include\bitcoin\bitcoin\utility</Filter>
    </ClInclude>
    <ClInclude Include="..\..\..\..\include\bitcoin\bitcoin\utility\thread.hpp">
      <Filter>include\bitcoin\bitcoin\utility</Filter>
    </ClInclude>
    <ClInclude Include="..\..\..\..\include\bitcoin\bitcoin\utility\threadpool.hpp">
      <Filter>include\bitcoin\bitcoin\utility</Filter>
    </ClInclude>
    <ClInclude Include="..\..\..\..\include\bitcoin\bitcoin\utility\timer.hpp">
      <Filter>include\bitcoin\bitcoin\utility</Filter>
    </ClInclude>
    <ClInclude Include="..\..\..\..\include\bitcoin\bitcoin\utility\track.hpp">
      <Filter>include\bitcoin\bitcoin\utility</Filter>
    </ClInclude>
    <ClInclude Include="..\..\..\..\include\bitcoin\bitcoin\utility\work.hpp">
      <Filter>include\bitcoin\bitcoin\utility</Filter>
    </ClInclude>
    <ClInclude Include="..\..\..\..\include\bitcoin\bitcoin\utility\writer.hpp">
      <Filter>include\bitcoin\bitcoin\utility</Filter>
    </ClInclude>
    <ClInclude Include="..\..\..\..\include\bitcoin\bitcoin\version.hpp">
      <Filter>include\bitcoin\bitcoin</Filter>
    </ClInclude>
    <ClInclude Include="..\..\..\..\include\bitcoin\bitcoin\wallet\bitcoin_uri.hpp">
      <Filter>include\bitcoin\bitcoin\wallet</Filter>
    </ClInclude>
    <ClInclude Include="..\..\..\..\include\bitcoin\bitcoin\wallet\dictionary.hpp">
      <Filter>include\bitcoin\bitcoin\wallet</Filter>
    </ClInclude>
    <ClInclude Include="..\..\..\..\include\bitcoin\bitcoin\wallet\ec_private.hpp">
      <Filter>include\bitcoin\bitcoin\wallet</Filter>
    </ClInclude>
    <ClInclude Include="..\..\..\..\include\bitcoin\bitcoin\wallet\ec_public.hpp">
      <Filter>include\bitcoin\bitcoin\wallet</Filter>
    </ClInclude>
    <ClInclude Include="..\..\..\..\include\bitcoin\bitcoin\wallet\ek_private.hpp">
      <Filter>include\bitcoin\bitcoin\wallet</Filter>
    </ClInclude>
    <ClInclude Include="..\..\..\..\include\bitcoin\bitcoin\wallet\ek_public.hpp">
      <Filter>include\bitcoin\bitcoin\wallet</Filter>
    </ClInclude>
    <ClInclude Include="..\..\..\..\include\bitcoin\bitcoin\wallet\ek_token.hpp">
      <Filter>include\bitcoin\bitcoin\wallet</Filter>
    </ClInclude>
    <ClInclude Include="..\..\..\..\include\bitcoin\bitcoin\wallet\electrum.hpp">
      <Filter>include\bitcoin\bitcoin\wallet</Filter>
    </ClInclude>
    <ClInclude Include="..\..\..\..\include\bitcoin\bitcoin\wallet\electrum_dictionary.hpp">
      <Filter>include\bitcoin\bitcoin\wallet</Filter>
    </ClInclude>
    <ClInclude Include="..\..\..\..\include\bitcoin\bitcoin\wallet\encrypted_keys.hpp">
      <Filter>include\bitcoin\bitcoin\wallet</Filter>
    </ClInclude>
    <ClInclude Include="..\..\..\..\include\bitcoin\bitcoin\wallet\hd_private.hpp">
      <Filter>include\bitcoin\bitcoin\wallet</Filter>
    </ClInclude>
    <ClInclude Include="..\..\..\..\include\bitcoin\bitcoin\wallet\hd_public.hpp">
      <Filter>include\bitcoin\bitcoin\wallet</Filter>
    </ClInclude>
    <ClInclude Include="..\..\..\..\include\bitcoin\bitcoin\wallet\message.hpp">
      <Filter>include\bitcoin\bitcoin\wallet</Filter>
    </ClInclude>
    <ClInclude Include="..\..\..\..\include\bitcoin\bitcoin\wallet\mini_keys.hpp">
      <Filter>include\bitcoin\bitcoin\wallet</Filter>
    </ClInclude>
    <ClInclude Include="..\..\..\..\include\bitcoin\bitcoin\wallet\mnemonic.hpp">
      <Filter>include\bitcoin\bitcoin\wallet</Filter>
    </ClInclude>
    <ClInclude Include="..\..\..\..\include\bitcoin\bitcoin\wallet\payment_address.hpp">
      <Filter>include\bitcoin\bitcoin\wallet</Filter>
    </ClInclude>
    <ClInclude Include="..\..\..\..\include\bitcoin\bitcoin\wallet\qrcode.hpp">
      <Filter>include\bitcoin\bitcoin\wallet</Filter>
    </ClInclude>
    <ClInclude Include="..\..\..\..\include\bitcoin\bitcoin\wallet\select_outputs.hpp">
      <Filter>include\bitcoin\bitcoin\wallet</Filter>
    </ClInclude>
    <ClInclude Include="..\..\..\..\include\bitcoin\bitcoin\wallet\stealth_address.hpp">
      <Filter>include\bitcoin\bitcoin\wallet</Filter>
    </ClInclude>
    <ClInclude Include="..\..\..\..\include\bitcoin\bitcoin\wallet\stealth_receiver.hpp">
      <Filter>include\bitcoin\bitcoin\wallet</Filter>
    </ClInclude>
    <ClInclude Include="..\..\..\..\include\bitcoin\bitcoin\wallet\stealth_sender.hpp">
      <Filter>include\bitcoin\bitcoin\wallet</Filter>
    </ClInclude>
    <ClInclude Include="..\..\..\..\include\bitcoin\bitcoin\wallet\uri.hpp">
      <Filter>include\bitcoin\bitcoin\wallet</Filter>
    </ClInclude>
    <ClInclude Include="..\..\..\..\include\bitcoin\bitcoin\wallet\uri_reader.hpp">
      <Filter>include\bitcoin\bitcoin\wallet</Filter>
    </ClInclude>
    <ClInclude Include="..\..\..\..\src\math\external\aes256.h">
      <Filter>src\math\external</Filter>
    </ClInclude>
    <ClInclude Include="..\..\..\..\src\math\external\crypto_scrypt.h">
      <Filter>src\math\external</Filter>
    </ClInclude>
    <ClInclude Include="..\..\..\..\src\math\external\hmac_sha256.h">
      <Filter>src\math\external</Filter>
    </ClInclude>
    <ClInclude Include="..\..\..\..\src\math\external\hmac_sha512.h">
      <Filter>src\math\external</Filter>
    </ClInclude>
    <ClInclude Include="..\..\..\..\src\math\external\lax_der_parsing.h">
      <Filter>src\math\external</Filter>
    </ClInclude>
    <ClInclude Include="..\..\..\..\src\math\external\pbkdf2_sha256.h">
      <Filter>src\math\external</Filter>
    </ClInclude>
    <ClInclude Include="..\..\..\..\src\math\external\pkcs5_pbkdf2.h">
      <Filter>src\math\external</Filter>
    </ClInclude>
    <ClInclude Include="..\..\..\..\src\math\external\ripemd160.h">
      <Filter>src\math\external</Filter>
    </ClInclude>
    <ClInclude Include="..\..\..\..\src\math\external\sha1.h">
      <Filter>src\math\external</Filter>
    </ClInclude>
    <ClInclude Include="..\..\..\..\src\math\external\sha256.h">
      <Filter>src\math\external</Filter>
    </ClInclude>
    <ClInclude Include="..\..\..\..\src\math\external\sha512.h">
      <Filter>src\math\external</Filter>
    </ClInclude>
    <ClInclude Include="..\..\..\..\src\math\external\zeroize.h">
      <Filter>src\math\external</Filter>
    </ClInclude>
    <ClInclude Include="..\..\..\..\src\math\secp256k1_initializer.hpp">
      <Filter>src\math</Filter>
    </ClInclude>
    <ClInclude Include="..\..\..\..\src\wallet\parse_encrypted_keys\parse_encrypted_key.hpp">
      <Filter>src\wallet\parse_encrypted_keys</Filter>
    </ClInclude>
    <ClInclude Include="..\..\..\..\src\wallet\parse_encrypted_keys\parse_encrypted_prefix.hpp">
      <Filter>src\wallet\parse_encrypted_keys</Filter>
    </ClInclude>
    <ClInclude Include="..\..\..\..\src\wallet\parse_encrypted_keys\parse_encrypted_private.hpp">
      <Filter>src\wallet\parse_encrypted_keys</Filter>
    </ClInclude>
    <ClInclude Include="..\..\..\..\src\wallet\parse_encrypted_keys\parse_encrypted_public.hpp">
      <Filter>src\wallet\parse_encrypted_keys</Filter>
    </ClInclude>
    <ClInclude Include="..\..\..\..\src\wallet\parse_encrypted_keys\parse_encrypted_token.hpp">
      <Filter>src\wallet\parse_encrypted_keys</Filter>
    </ClInclude>
    <ClInclude Include="..\..\resource.h">
      <Filter>resource</Filter>
    </ClInclude>
  </ItemGroup>
  <ItemGroup>
    <None Include="..\..\..\..\include\bitcoin\bitcoin\impl\formats\base_16.ipp">
      <Filter>include\bitcoin\bitcoin\impl\formats</Filter>
    </None>
    <None Include="..\..\..\..\include\bitcoin\bitcoin\impl\formats\base_58.ipp">
      <Filter>include\bitcoin\bitcoin\impl\formats</Filter>
    </None>
    <None Include="..\..\..\..\include\bitcoin\bitcoin\impl\log\features\counter.ipp">
      <Filter>include\bitcoin\bitcoin\impl\log\features</Filter>
    </None>
    <None Include="..\..\..\..\include\bitcoin\bitcoin\impl\log\features\gauge.ipp">
      <Filter>include\bitcoin\bitcoin\impl\log\features</Filter>
    </None>
    <None Include="..\..\..\..\include\bitcoin\bitcoin\impl\log\features\metric.ipp">
      <Filter>include\bitcoin\bitcoin\impl\log\features</Filter>
    </None>
    <None Include="..\..\..\..\include\bitcoin\bitcoin\impl\log\features\rate.ipp">
      <Filter>include\bitcoin\bitcoin\impl\log\features</Filter>
    </None>
    <None Include="..\..\..\..\include\bitcoin\bitcoin\impl\log\features\timer.ipp">
      <Filter>include\bitcoin\bitcoin\impl\log\features</Filter>
    </None>
    <None Include="..\..\..\..\include\bitcoin\bitcoin\impl\machine\interpreter.ipp">
      <Filter>include\bitcoin\bitcoin\impl\machine</Filter>
    </None>
    <None Include="..\..\..\..\include\bitcoin\bitcoin\impl\machine\number.ipp">
      <Filter>include\bitcoin\bitcoin\impl\machine</Filter>
    </None>
    <None Include="..\..\..\..\include\bitcoin\bitcoin\impl\machine\operation.ipp">
      <Filter>include\bitcoin\bitcoin\impl\machine</Filter>
    </None>
    <None Include="..\..\..\..\include\bitcoin\bitcoin\impl\machine\program.ipp">
      <Filter>include\bitcoin\bitcoin\impl\machine</Filter>
    </None>
    <None Include="..\..\..\..\include\bitcoin\bitcoin\impl\math\checksum.ipp">
      <Filter>include\bitcoin\bitcoin\impl\math</Filter>
    </None>
    <None Include="..\..\..\..\include\bitcoin\bitcoin\impl\math\hash.ipp">
      <Filter>include\bitcoin\bitcoin\impl\math</Filter>
    </None>
    <None Include="..\..\..\..\include\bitcoin\bitcoin\impl\utility\array_slice.ipp">
      <Filter>include\bitcoin\bitcoin\impl\utility</Filter>
    </None>
    <None Include="..\..\..\..\include\bitcoin\bitcoin\impl\utility\collection.ipp">
      <Filter>include\bitcoin\bitcoin\impl\utility</Filter>
    </None>
    <None Include="..\..\..\..\include\bitcoin\bitcoin\impl\utility\data.ipp">
      <Filter>include\bitcoin\bitcoin\impl\utility</Filter>
    </None>
    <None Include="..\..\..\..\include\bitcoin\bitcoin\impl\utility\deserializer.ipp">
      <Filter>include\bitcoin\bitcoin\impl\utility</Filter>
    </None>
    <None Include="..\..\..\..\include\bitcoin\bitcoin\impl\utility\endian.ipp">
      <Filter>include\bitcoin\bitcoin\impl\utility</Filter>
    </None>
    <None Include="..\..\..\..\include\bitcoin\bitcoin\impl\utility\istream_reader.ipp">
      <Filter>include\bitcoin\bitcoin\impl\utility</Filter>
    </None>
    <None Include="..\..\..\..\include\bitcoin\bitcoin\impl\utility\ostream_writer.ipp">
      <Filter>include\bitcoin\bitcoin\impl\utility</Filter>
    </None>
    <None Include="..\..\..\..\include\bitcoin\bitcoin\impl\utility\pending.ipp">
      <Filter>include\bitcoin\bitcoin\impl\utility</Filter>
    </None>
    <None Include="..\..\..\..\include\bitcoin\bitcoin\impl\utility\property_tree.ipp">
      <Filter>include\bitcoin\bitcoin\impl\utility</Filter>
    </None>
    <None Include="..\..\..\..\include\bitcoin\bitcoin\impl\utility\resubscriber.ipp">
      <Filter>include\bitcoin\bitcoin\impl\utility</Filter>
    </None>
    <None Include="..\..\..\..\include\bitcoin\bitcoin\impl\utility\serializer.ipp">
      <Filter>include\bitcoin\bitcoin\impl\utility</Filter>
    </None>
    <None Include="..\..\..\..\include\bitcoin\bitcoin\impl\utility\string.ipp">
      <Filter>include\bitcoin\bitcoin\impl\utility</Filter>
    </None>
    <None Include="..\..\..\..\include\bitcoin\bitcoin\impl\utility\subscriber.ipp">
      <Filter>include\bitcoin\bitcoin\impl\utility</Filter>
    </None>
    <None Include="..\..\..\..\include\bitcoin\bitcoin\impl\utility\track.ipp">
      <Filter>include\bitcoin\bitcoin\impl\utility</Filter>
    </None>
    <None Include="..\..\..\..\src\wallet\parse_encrypted_keys\parse_encrypted_key.ipp">
      <Filter>src\wallet\parse_encrypted_keys</Filter>
    </None>
    <None Include="..\..\..\..\src\wallet\parse_encrypted_keys\parse_encrypted_prefix.ipp">
      <Filter>src\wallet\parse_encrypted_keys</Filter>
    </None>
    <None Include="packages.config" />
  </ItemGroup>
  <ItemGroup>
    <ResourceCompile Include="..\..\resource.rc">
      <Filter>resource</Filter>
    </ResourceCompile>
  </ItemGroup>
</Project>
