<?xml version="1.0" encoding="utf-8"?>
<Project ToolsVersion="4.0" xmlns="http://schemas.microsoft.com/developer/msbuild/2003">
  <ItemGroup>
    <Filter Include="src">
      <UniqueIdentifier>{9a1b1e98-7cf9-47aa-9449-1f27fe15f5a6}</UniqueIdentifier>
    </Filter>
    <Filter Include="src\chain">
      <UniqueIdentifier>{34d9e6f4-b840-44a9-a39c-6cfbbf126c27}</UniqueIdentifier>
    </Filter>
    <Filter Include="src\message">
      <UniqueIdentifier>{0ba03093-8321-433f-8c41-1869141054c1}</UniqueIdentifier>
    </Filter>
    <Filter Include="src\utiltiy">
      <UniqueIdentifier>{63815092-ade6-4e7d-8078-cf178f62dadc}</UniqueIdentifier>
    </Filter>
    <Filter Include="src\config">
      <UniqueIdentifier>{cc48916c-3671-46e2-8ea0-33479bb67a0f}</UniqueIdentifier>
    </Filter>
    <Filter Include="src\math">
      <UniqueIdentifier>{10eb8547-49d6-4f15-8e27-fc1afc87833f}</UniqueIdentifier>
    </Filter>
    <Filter Include="src\unicode">
      <UniqueIdentifier>{f6dc2966-2beb-4ddb-9f55-eb17a7241394}</UniqueIdentifier>
    </Filter>
    <Filter Include="src\wallet">
      <UniqueIdentifier>{e86b05df-8b1c-4770-88b5-ddb11bbd72ae}</UniqueIdentifier>
    </Filter>
    <Filter Include="src\formats">
      <UniqueIdentifier>{b3025452-8224-4517-9629-f317973d1c17}</UniqueIdentifier>
    </Filter>
  </ItemGroup>
  <ItemGroup>
    <None Include="packages.config" />
  </ItemGroup>
  <ItemGroup>
    <ClInclude Include="..\..\..\..\test\chain\script.hpp">
      <Filter>src\chain</Filter>
    </ClInclude>
    <ClInclude Include="..\..\..\..\test\chain\genesis_block.hpp">
      <Filter>src\chain</Filter>
    </ClInclude>
    <ClInclude Include="..\..\..\..\test\math\hash.hpp">
      <Filter>src\math</Filter>
    </ClInclude>
    <ClInclude Include="..\..\..\..\test\math\script_number.hpp">
      <Filter>src\math</Filter>
    </ClInclude>
    <ClInclude Include="..\..\..\..\test\math\big_number.hpp">
      <Filter>src\math</Filter>
    </ClInclude>
    <ClInclude Include="..\..\..\..\test\wallet\mnemonic.hpp">
      <Filter>src\wallet</Filter>
    </ClInclude>
    <ClInclude Include="..\..\..\..\test\wallet\bip38.hpp">
      <Filter>src\wallet</Filter>
    </ClInclude>
  </ItemGroup>
  <ItemGroup>
    <ClCompile Include="..\..\..\..\test\message\get_data.cpp">
      <Filter>src\message</Filter>
    </ClCompile>
    <ClCompile Include="..\..\..\..\test\message\inventory.cpp">
      <Filter>src\message</Filter>
    </ClCompile>
    <ClCompile Include="..\..\..\..\test\message\inventory_type_id.cpp">
      <Filter>src\message</Filter>
    </ClCompile>
    <ClCompile Include="..\..\..\..\test\message\inventory_vector.cpp">
      <Filter>src\message</Filter>
    </ClCompile>
    <ClCompile Include="..\..\..\..\test\message\network_address.cpp">
      <Filter>src\message</Filter>
    </ClCompile>
    <ClCompile Include="..\..\..\..\test\message\not_found.cpp">
      <Filter>src\message</Filter>
    </ClCompile>
    <ClCompile Include="..\..\..\..\test\message\verack.cpp">
      <Filter>src\message</Filter>
    </ClCompile>
    <ClCompile Include="..\..\..\..\test\message\address.cpp">
      <Filter>src\message</Filter>
    </ClCompile>
    <ClCompile Include="..\..\..\..\test\message\get_address.cpp">
      <Filter>src\message</Filter>
    </ClCompile>
    <ClCompile Include="..\..\..\..\test\message\get_blocks.cpp">
      <Filter>src\message</Filter>
    </ClCompile>
    <ClCompile Include="..\..\..\..\test\message\version.cpp">
      <Filter>src\message</Filter>
    </ClCompile>
    <ClCompile Include="..\..\..\..\test\message\alert.cpp">
      <Filter>src\message</Filter>
    </ClCompile>
    <ClCompile Include="..\..\..\..\test\message\filter_clear.cpp">
      <Filter>src\message</Filter>
    </ClCompile>
    <ClCompile Include="..\..\..\..\test\message\filter_load.cpp">
      <Filter>src\message</Filter>
    </ClCompile>
    <ClCompile Include="..\..\..\..\test\message\filter_add.cpp">
      <Filter>src\message</Filter>
    </ClCompile>
    <ClCompile Include="..\..\..\..\test\message\get_headers.cpp">
      <Filter>src\message</Filter>
    </ClCompile>
    <ClCompile Include="..\..\..\..\test\message\memory_pool.cpp">
      <Filter>src\message</Filter>
    </ClCompile>
    <ClCompile Include="..\..\..\..\test\message\merkle_block.cpp">
      <Filter>src\message</Filter>
    </ClCompile>
    <ClCompile Include="..\..\..\..\test\message\reject.cpp">
      <Filter>src\message</Filter>
    </ClCompile>
    <ClCompile Include="..\..\..\..\test\message\ping.cpp">
      <Filter>src\message</Filter>
    </ClCompile>
    <ClCompile Include="..\..\..\..\test\message\pong.cpp">
      <Filter>src\message</Filter>
    </ClCompile>
    <ClCompile Include="..\..\..\..\test\message\alert_payload.cpp">
      <Filter>src\message</Filter>
    </ClCompile>
    <ClCompile Include="..\..\..\..\test\message\heading.cpp">
      <Filter>src\message</Filter>
    </ClCompile>
    <ClCompile Include="..\..\..\..\test\chain\output.cpp">
      <Filter>src\chain</Filter>
    </ClCompile>
    <ClCompile Include="..\..\..\..\test\chain\point.cpp">
      <Filter>src\chain</Filter>
    </ClCompile>
    <ClCompile Include="..\..\..\..\test\chain\satoshi_words.cpp">
      <Filter>src\chain</Filter>
    </ClCompile>
    <ClCompile Include="..\..\..\..\test\chain\script.cpp">
      <Filter>src\chain</Filter>
    </ClCompile>
    <ClCompile Include="..\..\..\..\test\chain\transaction.cpp">
      <Filter>src\chain</Filter>
    </ClCompile>
    <ClCompile Include="..\..\..\..\test\chain\block.cpp">
      <Filter>src\chain</Filter>
    </ClCompile>
    <ClCompile Include="..\..\..\..\test\chain\genesis_block.cpp">
      <Filter>src\chain</Filter>
    </ClCompile>
    <ClCompile Include="..\..\..\..\test\chain\header.cpp">
      <Filter>src\chain</Filter>
    </ClCompile>
    <ClCompile Include="..\..\..\..\test\chain\input.cpp">
      <Filter>src\chain</Filter>
    </ClCompile>
    <ClCompile Include="..\..\..\..\test\config\checkpoint.cpp">
      <Filter>src\config</Filter>
    </ClCompile>
    <ClCompile Include="..\..\..\..\test\config\endpoint.cpp">
      <Filter>src\config</Filter>
    </ClCompile>
    <ClCompile Include="..\..\..\..\test\config\parameter.cpp">
      <Filter>src\config</Filter>
    </ClCompile>
    <ClCompile Include="..\..\..\..\test\config\printer.cpp">
      <Filter>src\config</Filter>
    </ClCompile>
    <ClCompile Include="..\..\..\..\test\config\authority.cpp">
      <Filter>src\config</Filter>
    </ClCompile>
    <ClCompile Include="..\..\..\..\test\config\btc256.cpp">
      <Filter>src\config</Filter>
    </ClCompile>
    <ClCompile Include="..\..\..\..\test\formats\base58.cpp">
      <Filter>src\formats</Filter>
    </ClCompile>
    <ClCompile Include="..\..\..\..\test\formats\base64.cpp">
      <Filter>src\formats</Filter>
    </ClCompile>
    <ClCompile Include="..\..\..\..\test\formats\base85.cpp">
      <Filter>src\formats</Filter>
    </ClCompile>
    <ClCompile Include="..\..\..\..\test\formats\base10.cpp">
      <Filter>src\formats</Filter>
    </ClCompile>
    <ClCompile Include="..\..\..\..\test\formats\base16.cpp">
      <Filter>src\formats</Filter>
    </ClCompile>
    <ClCompile Include="..\..\..\..\test\math\hash.cpp">
      <Filter>src\math</Filter>
    </ClCompile>
    <ClCompile Include="..\..\..\..\test\math\hash_number.cpp">
      <Filter>src\math</Filter>
    </ClCompile>
    <ClCompile Include="..\..\..\..\test\math\script_number.cpp">
      <Filter>src\math</Filter>
    </ClCompile>
    <ClCompile Include="..\..\..\..\test\math\big_number.cpp">
      <Filter>src\math</Filter>
    </ClCompile>
    <ClCompile Include="..\..\..\..\test\math\checksum.cpp">
      <Filter>src\math</Filter>
    </ClCompile>
    <ClCompile Include="..\..\..\..\test\math\ec_keys.cpp">
      <Filter>src\math</Filter>
    </ClCompile>
    <ClCompile Include="..\..\..\..\test\unicode\unicode_istream.cpp">
      <Filter>src\unicode</Filter>
    </ClCompile>
    <ClCompile Include="..\..\..\..\test\unicode\unicode_ostream.cpp">
      <Filter>src\unicode</Filter>
    </ClCompile>
    <ClCompile Include="..\..\..\..\test\unicode\unicode.cpp">
      <Filter>src\unicode</Filter>
    </ClCompile>
    <ClCompile Include="..\..\..\..\test\utility\random.cpp">
      <Filter>src\utiltiy</Filter>
    </ClCompile>
    <ClCompile Include="..\..\..\..\test\utility\serializer.cpp">
      <Filter>src\utiltiy</Filter>
    </ClCompile>
    <ClCompile Include="..\..\..\..\test\utility\stream.cpp">
      <Filter>src\utiltiy</Filter>
    </ClCompile>
    <ClCompile Include="..\..\..\..\test\utility\thread.cpp">
      <Filter>src\utiltiy</Filter>
    </ClCompile>
    <ClCompile Include="..\..\..\..\test\utility\variable_uint_size.cpp">
      <Filter>src\utiltiy</Filter>
    </ClCompile>
    <ClCompile Include="..\..\..\..\test\utility\binary.cpp">
      <Filter>src\utiltiy</Filter>
    </ClCompile>
    <ClCompile Include="..\..\..\..\test\utility\data.cpp">
      <Filter>src\utiltiy</Filter>
    </ClCompile>
    <ClCompile Include="..\..\..\..\test\utility\endian.cpp">
      <Filter>src\utiltiy</Filter>
    </ClCompile>
    <ClCompile Include="..\..\..\..\test\wallet\mnemonic.cpp">
      <Filter>src\wallet</Filter>
    </ClCompile>
    <ClCompile Include="..\..\..\..\test\wallet\stealth.cpp">
      <Filter>src\wallet</Filter>
    </ClCompile>
    <ClCompile Include="..\..\..\..\test\wallet\stealth_address.cpp">
      <Filter>src\wallet</Filter>
    </ClCompile>
    <ClCompile Include="..\..\..\..\test\wallet\uri.cpp">
      <Filter>src\wallet</Filter>
    </ClCompile>
    <ClCompile Include="..\..\..\..\test\wallet\bip38.cpp">
      <Filter>src\wallet</Filter>
    </ClCompile>
    <ClCompile Include="..\..\..\..\test\wallet\hd_keys.cpp">
      <Filter>src\wallet</Filter>
    </ClCompile>
    <ClCompile Include="..\..\..\..\test\wallet\key_formats.cpp">
      <Filter>src\wallet</Filter>
    </ClCompile>
    <ClCompile Include="..\..\..\..\test\wallet\message.cpp">
      <Filter>src\wallet</Filter>
    </ClCompile>
    <ClCompile Include="..\..\..\..\test\main.cpp" />
  </ItemGroup>
</Project>