<?xml version="1.0" encoding="utf-8"?>
<Project ToolsVersion="4.0" xmlns="http://schemas.microsoft.com/developer/msbuild/2003">
  <ItemGroup>
    <Filter Include="include">
      <UniqueIdentifier>{93995380-89BD-4b04-88EB-625FBE52EBFB}</UniqueIdentifier>
      <Extensions>h;hh;hpp;hxx;hm;inl;inc;xsd</Extensions>
    </Filter>
    <Filter Include="include\bitcoin">
      <UniqueIdentifier>{b2bbb7a8-a286-4f49-b511-48c4e179f7e3}</UniqueIdentifier>
    </Filter>
    <Filter Include="include\bitcoin\formats">
      <UniqueIdentifier>{80b43390-b9a5-4c01-952a-2b589c3bdc20}</UniqueIdentifier>
    </Filter>
    <Filter Include="include\bitcoin\impl">
      <UniqueIdentifier>{5afb9fba-cd2c-438a-aedd-39c8acc14af4}</UniqueIdentifier>
    </Filter>
    <Filter Include="include\bitcoin\impl\formats">
      <UniqueIdentifier>{78a30d1f-2532-4945-a8aa-d8227a8df38d}</UniqueIdentifier>
    </Filter>
    <Filter Include="include\bitcoin\impl\utility">
      <UniqueIdentifier>{9217c7da-0161-45fe-90d7-9e6b602aec57}</UniqueIdentifier>
    </Filter>
    <Filter Include="include\bitcoin\math">
      <UniqueIdentifier>{00705853-92d1-443c-8745-44d63a658d31}</UniqueIdentifier>
    </Filter>
    <Filter Include="include\bitcoin\utility">
      <UniqueIdentifier>{67a8f56c-9dc0-4c44-a5ff-020667929caa}</UniqueIdentifier>
    </Filter>
    <Filter Include="include\bitcoin\wallet">
      <UniqueIdentifier>{1e18bec0-9406-43b2-bcac-b3d9f43a3f35}</UniqueIdentifier>
    </Filter>
    <Filter Include="resource">
      <UniqueIdentifier>{cfaa1015-d7a4-4d44-bd05-0178121b816c}</UniqueIdentifier>
    </Filter>
    <Filter Include="include\bitcoin\config">
      <UniqueIdentifier>{2cbd227b-0248-43d2-a8be-b1890114b27a}</UniqueIdentifier>
    </Filter>
    <Filter Include="include\bitcoin\unicode">
      <UniqueIdentifier>{0d660b13-1283-47a3-b7b0-a6bcc7378dd1}</UniqueIdentifier>
    </Filter>
    <Filter Include="include\bitcoin\message">
      <UniqueIdentifier>{9b152846-494a-48d4-8291-d440253514f4}</UniqueIdentifier>
    </Filter>
    <Filter Include="include\bitcoin\chain">
      <UniqueIdentifier>{404c973e-47e8-497f-88b6-fe0612067218}</UniqueIdentifier>
    </Filter>
    <Filter Include="include\bitcoin\impl\math">
      <UniqueIdentifier>{874c696b-294c-4208-ae68-32d49a136b55}</UniqueIdentifier>
    </Filter>
    <Filter Include="include\bitcoin\chain\script">
      <UniqueIdentifier>{79ec2ad3-b61a-4014-9226-6bb821a06afc}</UniqueIdentifier>
    </Filter>
    <Filter Include="resource\src">
      <UniqueIdentifier>{4FC737F1-C7A5-4376-A066-2A32D752A2FF}</UniqueIdentifier>
      <Extensions>cpp;c;cc;cxx;def;odl;idl;hpj;bat;asm;asmx</Extensions>
    </Filter>
    <Filter Include="resource\src\formats">
      <UniqueIdentifier>{d8cc8c0d-5a89-4c99-a119-bee06babc686}</UniqueIdentifier>
    </Filter>
    <Filter Include="resource\src\math">
      <UniqueIdentifier>{2fe97318-6a5c-42db-a6aa-4ab97b592991}</UniqueIdentifier>
    </Filter>
    <Filter Include="resource\src\math\external">
      <UniqueIdentifier>{f8a260ce-e8da-4a00-8d29-1927686a2488}</UniqueIdentifier>
    </Filter>
    <Filter Include="resource\src\utility">
      <UniqueIdentifier>{8d26a34b-6f23-4d66-8d64-6b50feadc4db}</UniqueIdentifier>
    </Filter>
    <Filter Include="resource\src\wallet">
      <UniqueIdentifier>{b2e7788e-4e44-4bbd-b5ba-5de47b5a1022}</UniqueIdentifier>
    </Filter>
    <Filter Include="resource\src\wallet\parse_encrypted_keys">
      <UniqueIdentifier>{e4e09666-0a4e-480d-8592-4d3727575613}</UniqueIdentifier>
    </Filter>
    <Filter Include="resource\src\config">
      <UniqueIdentifier>{5aca2e32-6005-4543-bee5-6de0cd35f51c}</UniqueIdentifier>
    </Filter>
    <Filter Include="resource\src\external">
      <UniqueIdentifier>{cdbd60d2-a825-43a2-88b6-70fe206f0a50}</UniqueIdentifier>
    </Filter>
    <Filter Include="resource\src\unicode">
      <UniqueIdentifier>{c863e8b4-d2e2-4f76-9482-1bf25cd830f7}</UniqueIdentifier>
    </Filter>
    <Filter Include="resource\src\chain">
      <UniqueIdentifier>{6c79d9d7-2d5c-4c10-b5a8-59bd979494cd}</UniqueIdentifier>
    </Filter>
    <Filter Include="resource\src\chain\script">
      <UniqueIdentifier>{6e622159-d2ed-4297-b7db-e111f5500299}</UniqueIdentifier>
    </Filter>
    <Filter Include="resource\src\message">
      <UniqueIdentifier>{919f9823-945e-4ab1-82ab-2c7ba85502ed}</UniqueIdentifier>
    </Filter>
  </ItemGroup>
  <ItemGroup>
    <None Include="packages.config" />
    <None Include="..\..\..\..\include\bitcoin\bitcoin\impl\utility\array_slice.ipp">
      <Filter>include\bitcoin\impl\utility</Filter>
    </None>
    <None Include="..\..\..\..\include\bitcoin\bitcoin\impl\utility\data.ipp">
      <Filter>include\bitcoin\impl\utility</Filter>
    </None>
    <None Include="..\..\..\..\include\bitcoin\bitcoin\impl\utility\endian.ipp">
      <Filter>include\bitcoin\impl\utility</Filter>
    </None>
    <None Include="..\..\..\..\include\bitcoin\bitcoin\impl\utility\serializer.ipp">
      <Filter>include\bitcoin\impl\utility</Filter>
    </None>
    <None Include="..\..\..\..\include\bitcoin\bitcoin\impl\utility\collection.ipp">
      <Filter>include\bitcoin\impl\utility</Filter>
    </None>
    <None Include="..\..\..\..\include\bitcoin\bitcoin\impl\utility\subscriber.ipp">
      <Filter>include\bitcoin\impl\utility</Filter>
    </None>
    <None Include="..\..\..\..\include\bitcoin\bitcoin\impl\utility\deserializer.ipp">
      <Filter>include\bitcoin\impl\utility</Filter>
    </None>
    <None Include="..\..\..\..\include\bitcoin\bitcoin\impl\utility\istream_reader.ipp">
      <Filter>include\bitcoin\impl\utility</Filter>
    </None>
    <None Include="..\..\..\..\include\bitcoin\bitcoin\impl\utility\ostream_writer.ipp">
      <Filter>include\bitcoin\impl\utility</Filter>
    </None>
    <None Include="..\..\..\..\include\bitcoin\bitcoin\impl\math\checksum.ipp">
      <Filter>include\bitcoin\impl\math</Filter>
    </None>
    <None Include="..\..\..\..\include\bitcoin\bitcoin\impl\math\hash.ipp">
      <Filter>include\bitcoin\impl\math</Filter>
    </None>
    <None Include="..\..\..\..\src\wallet\parse_encrypted_keys\parse_encrypted_key.ipp">
      <Filter>resource\src\wallet\parse_encrypted_keys</Filter>
    </None>
    <None Include="..\..\..\..\src\wallet\parse_encrypted_keys\parse_encrypted_prefix.ipp">
      <Filter>resource\src\wallet\parse_encrypted_keys</Filter>
    </None>
    <None Include="..\..\..\..\include\bitcoin\bitcoin\impl\utility\resubscriber.ipp">
      <Filter>include\bitcoin\impl\utility</Filter>
    </None>
    <None Include="..\..\..\..\include\bitcoin\bitcoin\impl\utility\track.ipp">
      <Filter>include\bitcoin\impl\utility</Filter>
    </None>
    <None Include="..\..\..\..\include\bitcoin\bitcoin\impl\formats\base_16.ipp">
      <Filter>include\bitcoin\impl\formats</Filter>
    </None>
    <None Include="..\..\..\..\include\bitcoin\bitcoin\impl\formats\base_58.ipp">
      <Filter>include\bitcoin\impl\formats</Filter>
    </None>
    <None Include="..\..\..\..\include\bitcoin\bitcoin\impl\utility\notifier.ipp">
      <Filter>include\bitcoin\impl\utility</Filter>
    </None>
  </ItemGroup>
  <ItemGroup>
    <ClCompile Include="..\..\..\..\src\error.cpp">
      <Filter>resource\src</Filter>
    </ClCompile>
    <ClCompile Include="..\..\..\..\src\math\checksum.cpp">
      <Filter>resource\src\math</Filter>
    </ClCompile>
    <ClCompile Include="..\..\..\..\src\math\crypto.cpp">
      <Filter>resource\src\math</Filter>
    </ClCompile>
    <ClCompile Include="..\..\..\..\src\math\external\hmac_sha256.c">
      <Filter>resource\src\math\external</Filter>
    </ClCompile>
    <ClCompile Include="..\..\..\..\src\math\external\hmac_sha512.c">
      <Filter>resource\src\math\external</Filter>
    </ClCompile>
    <ClCompile Include="..\..\..\..\src\math\external\ripemd160.c">
      <Filter>resource\src\math\external</Filter>
    </ClCompile>
    <ClCompile Include="..\..\..\..\src\math\external\sha1.c">
      <Filter>resource\src\math\external</Filter>
    </ClCompile>
    <ClCompile Include="..\..\..\..\src\math\external\sha256.c">
      <Filter>resource\src\math\external</Filter>
    </ClCompile>
    <ClCompile Include="..\..\..\..\src\math\external\sha512.c">
      <Filter>resource\src\math\external</Filter>
    </ClCompile>
    <ClCompile Include="..\..\..\..\src\math\external\zeroize.c">
      <Filter>resource\src\math\external</Filter>
    </ClCompile>
    <ClCompile Include="..\..\..\..\src\math\hash.cpp">
      <Filter>resource\src\math</Filter>
    </ClCompile>
    <ClCompile Include="..\..\..\..\src\math\hash_number.cpp">
      <Filter>resource\src\math</Filter>
    </ClCompile>
    <ClCompile Include="..\..\..\..\src\math\script_number.cpp">
      <Filter>resource\src\math</Filter>
    </ClCompile>
    <ClCompile Include="..\..\..\..\src\utility\binary.cpp">
      <Filter>resource\src\utility</Filter>
    </ClCompile>
    <ClCompile Include="..\..\..\..\src\utility\threadpool.cpp">
      <Filter>resource\src\utility</Filter>
    </ClCompile>
    <ClCompile Include="..\..\..\..\src\wallet\message.cpp">
      <Filter>resource\src\wallet</Filter>
    </ClCompile>
    <ClCompile Include="..\..\..\..\src\wallet\mnemonic.cpp">
      <Filter>resource\src\wallet</Filter>
    </ClCompile>
    <ClCompile Include="..\..\..\..\src\wallet\stealth_address.cpp">
      <Filter>resource\src\wallet</Filter>
    </ClCompile>
    <ClCompile Include="..\..\..\..\src\wallet\uri.cpp">
      <Filter>resource\src\wallet</Filter>
    </ClCompile>
    <ClCompile Include="..\..\..\..\src\config\parameter.cpp">
      <Filter>resource\src\config</Filter>
    </ClCompile>
    <ClCompile Include="..\..\..\..\src\config\printer.cpp">
      <Filter>resource\src\config</Filter>
    </ClCompile>
    <ClCompile Include="..\..\..\..\src\math\external\pkcs5_pbkdf2.c">
      <Filter>resource\src\math\external</Filter>
    </ClCompile>
    <ClCompile Include="..\..\..\..\src\wallet\dictionary.cpp">
      <Filter>resource\src\wallet</Filter>
    </ClCompile>
    <ClCompile Include="$(VC_CTP_Nov2013_InstallDir)\crt\src\threadsafestatics.cpp">
      <Filter>resource\src\external</Filter>
    </ClCompile>
    <ClCompile Include="..\..\..\..\src\config\directory.cpp">
      <Filter>resource\src\config</Filter>
    </ClCompile>
    <ClCompile Include="..\..\..\..\src\unicode\unicode_ostream.cpp">
      <Filter>resource\src\unicode</Filter>
    </ClCompile>
    <ClCompile Include="..\..\..\..\src\unicode\unicode_streambuf.cpp">
      <Filter>resource\src\unicode</Filter>
    </ClCompile>
    <ClCompile Include="..\..\..\..\src\unicode\console_streambuf.cpp">
      <Filter>resource\src\unicode</Filter>
    </ClCompile>
    <ClCompile Include="..\..\..\..\src\unicode\unicode.cpp">
      <Filter>resource\src\unicode</Filter>
    </ClCompile>
    <ClCompile Include="..\..\..\..\src\unicode\unicode_istream.cpp">
      <Filter>resource\src\unicode</Filter>
    </ClCompile>
    <ClCompile Include="..\..\..\..\src\unicode\ifstream.cpp">
      <Filter>resource\src\unicode</Filter>
    </ClCompile>
    <ClCompile Include="..\..\..\..\src\unicode\ofstream.cpp">
      <Filter>resource\src\unicode</Filter>
    </ClCompile>
    <ClCompile Include="..\..\..\..\src\math\uint256.cpp">
      <Filter>resource\src\math</Filter>
    </ClCompile>
    <ClCompile Include="..\..\..\..\src\math\secp256k1_initializer.cpp">
      <Filter>resource\src\math</Filter>
    </ClCompile>
    <ClCompile Include="..\..\..\..\src\utility\thread.cpp">
      <Filter>resource\src\utility</Filter>
    </ClCompile>
    <ClCompile Include="..\..\..\..\src\utility\random.cpp">
      <Filter>resource\src\utility</Filter>
    </ClCompile>
    <ClCompile Include="..\..\..\..\src\config\authority.cpp">
      <Filter>resource\src\config</Filter>
    </ClCompile>
    <ClCompile Include="..\..\..\..\src\config\checkpoint.cpp">
      <Filter>resource\src\config</Filter>
    </ClCompile>
    <ClCompile Include="..\..\..\..\src\config\endpoint.cpp">
      <Filter>resource\src\config</Filter>
    </ClCompile>
    <ClCompile Include="..\..\..\..\src\utility\deadline.cpp">
      <Filter>resource\src\utility</Filter>
    </ClCompile>
    <ClCompile Include="..\..\..\..\src\utility\dispatcher.cpp">
      <Filter>resource\src\utility</Filter>
    </ClCompile>
    <ClCompile Include="..\..\..\..\src\chain\block.cpp">
      <Filter>resource\src\chain</Filter>
    </ClCompile>
    <ClCompile Include="..\..\..\..\src\chain\point.cpp">
      <Filter>resource\src\chain</Filter>
    </ClCompile>
    <ClCompile Include="..\..\..\..\src\chain\transaction.cpp">
      <Filter>resource\src\chain</Filter>
    </ClCompile>
    <ClCompile Include="..\..\..\..\src\math\external\aes256.c">
      <Filter>resource\src\math\external</Filter>
    </ClCompile>
    <ClCompile Include="..\..\..\..\src\math\external\pbkdf2_sha256.c">
      <Filter>resource\src\math\external</Filter>
    </ClCompile>
    <ClCompile Include="..\..\..\..\src\message\address.cpp">
      <Filter>resource\src\message</Filter>
    </ClCompile>
    <ClCompile Include="..\..\..\..\src\message\get_address.cpp">
      <Filter>resource\src\message</Filter>
    </ClCompile>
    <ClCompile Include="..\..\..\..\src\message\get_blocks.cpp">
      <Filter>resource\src\message</Filter>
    </ClCompile>
    <ClCompile Include="..\..\..\..\src\message\get_data.cpp">
      <Filter>resource\src\message</Filter>
    </ClCompile>
    <ClCompile Include="..\..\..\..\src\message\inventory.cpp">
      <Filter>resource\src\message</Filter>
    </ClCompile>
    <ClCompile Include="..\..\..\..\src\message\inventory_vector.cpp">
      <Filter>resource\src\message</Filter>
    </ClCompile>
    <ClCompile Include="..\..\..\..\src\message\network_address.cpp">
      <Filter>resource\src\message</Filter>
    </ClCompile>
    <ClCompile Include="..\..\..\..\src\message\not_found.cpp">
      <Filter>resource\src\message</Filter>
    </ClCompile>
    <ClCompile Include="..\..\..\..\src\message\verack.cpp">
      <Filter>resource\src\message</Filter>
    </ClCompile>
    <ClCompile Include="..\..\..\..\src\utility\istream_reader.cpp">
      <Filter>resource\src\utility</Filter>
    </ClCompile>
    <ClCompile Include="..\..\..\..\src\utility\ostream_writer.cpp">
      <Filter>resource\src\utility</Filter>
    </ClCompile>
    <ClCompile Include="..\..\..\..\src\wallet\payment_address.cpp">
      <Filter>resource\src\wallet</Filter>
    </ClCompile>
    <ClCompile Include="..\..\..\..\src\wallet\select_outputs.cpp">
      <Filter>resource\src\wallet</Filter>
    </ClCompile>
    <ClCompile Include="..\..\..\..\src\message\version.cpp">
      <Filter>resource\src\message</Filter>
    </ClCompile>
    <ClCompile Include="..\..\..\..\src\utility\string.cpp">
      <Filter>resource\src\utility</Filter>
    </ClCompile>
    <ClCompile Include="..\..\..\..\src\message\merkle_block.cpp">
      <Filter>resource\src\message</Filter>
    </ClCompile>
    <ClCompile Include="..\..\..\..\src\message\reject.cpp">
      <Filter>resource\src\message</Filter>
    </ClCompile>
    <ClCompile Include="..\..\..\..\src\message\alert.cpp">
      <Filter>resource\src\message</Filter>
    </ClCompile>
    <ClCompile Include="..\..\..\..\src\message\filter_add.cpp">
      <Filter>resource\src\message</Filter>
    </ClCompile>
    <ClCompile Include="..\..\..\..\src\message\filter_clear.cpp">
      <Filter>resource\src\message</Filter>
    </ClCompile>
    <ClCompile Include="..\..\..\..\src\message\filter_load.cpp">
      <Filter>resource\src\message</Filter>
    </ClCompile>
    <ClCompile Include="..\..\..\..\src\message\get_headers.cpp">
      <Filter>resource\src\message</Filter>
    </ClCompile>
    <ClCompile Include="..\..\..\..\src\message\memory_pool.cpp">
      <Filter>resource\src\message</Filter>
    </ClCompile>
    <ClCompile Include="..\..\..\..\src\message\ping.cpp">
      <Filter>resource\src\message</Filter>
    </ClCompile>
    <ClCompile Include="..\..\..\..\src\message\pong.cpp">
      <Filter>resource\src\message</Filter>
    </ClCompile>
    <ClCompile Include="..\..\..\..\src\message\alert_payload.cpp">
      <Filter>resource\src\message</Filter>
    </ClCompile>
    <ClCompile Include="..\..\..\..\src\chain\input.cpp">
      <Filter>resource\src\chain</Filter>
    </ClCompile>
    <ClCompile Include="..\..\..\..\src\chain\output.cpp">
      <Filter>resource\src\chain</Filter>
    </ClCompile>
    <ClCompile Include="..\..\..\..\src\chain\header.cpp">
      <Filter>resource\src\chain</Filter>
    </ClCompile>
    <ClCompile Include="..\..\..\..\src\message\heading.cpp">
      <Filter>resource\src\message</Filter>
    </ClCompile>
    <ClCompile Include="..\..\..\..\src\math\external\crypto_scrypt.c">
      <Filter>resource\src\math\external</Filter>
    </ClCompile>
    <ClCompile Include="..\..\..\..\src\wallet\mini_keys.cpp">
      <Filter>resource\src\wallet</Filter>
    </ClCompile>
    <ClCompile Include="..\..\..\..\src\wallet\encrypted_keys.cpp">
      <Filter>resource\src\wallet</Filter>
    </ClCompile>
    <ClCompile Include="..\..\..\..\src\wallet\bitcoin_uri.cpp">
      <Filter>resource\src\wallet</Filter>
    </ClCompile>
    <ClCompile Include="..\..\..\..\src\wallet\ec_private.cpp">
      <Filter>resource\src\wallet</Filter>
    </ClCompile>
    <ClCompile Include="..\..\..\..\src\math\elliptic_curve.cpp">
      <Filter>resource\src\math</Filter>
    </ClCompile>
    <ClCompile Include="..\..\..\..\src\wallet\ec_public.cpp">
      <Filter>resource\src\wallet</Filter>
    </ClCompile>
    <ClCompile Include="..\..\..\..\src\math\stealth.cpp">
      <Filter>resource\src\math</Filter>
    </ClCompile>
    <ClCompile Include="..\..\..\..\src\wallet\hd_private.cpp">
      <Filter>resource\src\wallet</Filter>
    </ClCompile>
    <ClCompile Include="..\..\..\..\src\wallet\hd_public.cpp">
      <Filter>resource\src\wallet</Filter>
    </ClCompile>
    <ClCompile Include="..\..\..\..\src\wallet\parse_encrypted_keys\parse_encrypted_private.cpp">
      <Filter>resource\src\wallet\parse_encrypted_keys</Filter>
    </ClCompile>
    <ClCompile Include="..\..\..\..\src\wallet\parse_encrypted_keys\parse_encrypted_public.cpp">
      <Filter>resource\src\wallet\parse_encrypted_keys</Filter>
    </ClCompile>
    <ClCompile Include="..\..\..\..\src\wallet\parse_encrypted_keys\parse_encrypted_token.cpp">
      <Filter>resource\src\wallet\parse_encrypted_keys</Filter>
    </ClCompile>
    <ClCompile Include="..\..\..\..\src\wallet\ek_public.cpp">
      <Filter>resource\src\wallet</Filter>
    </ClCompile>
    <ClCompile Include="..\..\..\..\src\wallet\ek_token.cpp">
      <Filter>resource\src\wallet</Filter>
    </ClCompile>
    <ClCompile Include="..\..\..\..\src\wallet\ek_private.cpp">
      <Filter>resource\src\wallet</Filter>
    </ClCompile>
    <ClCompile Include="..\..\..\..\src\utility\log.cpp">
      <Filter>resource\src\utility</Filter>
    </ClCompile>
    <ClCompile Include="..\..\..\..\src\message\headers.cpp">
      <Filter>resource\src\message</Filter>
    </ClCompile>
    <ClCompile Include="..\..\..\..\src\utility\work.cpp">
      <Filter>resource\src\utility</Filter>
    </ClCompile>
    <ClCompile Include="..\..\..\..\src\utility\monitor.cpp">
      <Filter>resource\src\utility</Filter>
    </ClCompile>
    <ClCompile Include="..\..\..\..\src\math\external\lax_der_parsing.c">
      <Filter>resource\src\math\external</Filter>
    </ClCompile>
    <ClCompile Include="..\..\..\..\src\config\parser.cpp">
      <Filter>resource\src\config</Filter>
    </ClCompile>
    <ClCompile Include="..\..\..\..\src\utility\png.cpp">
      <Filter>resource\src\utility</Filter>
    </ClCompile>
    <ClCompile Include="..\..\..\..\src\wallet\qrcode.cpp">
      <Filter>resource\src\wallet</Filter>
    </ClCompile>
    <ClCompile Include="..\..\..\..\src\chain\script\operation.cpp">
      <Filter>resource\src\chain\script</Filter>
    </ClCompile>
    <ClCompile Include="..\..\..\..\src\chain\script\script.cpp">
      <Filter>resource\src\chain\script</Filter>
    </ClCompile>
    <ClCompile Include="..\..\..\..\src\chain\script\conditional_stack.cpp">
      <Filter>resource\src\chain\script</Filter>
    </ClCompile>
    <ClCompile Include="..\..\..\..\src\chain\script\evaluation_context.cpp">
      <Filter>resource\src\chain\script</Filter>
    </ClCompile>
    <ClCompile Include="..\..\..\..\src\chain\script\opcode.cpp">
      <Filter>resource\src\chain\script</Filter>
    </ClCompile>
    <ClCompile Include="..\..\..\..\src\utility\conditional_lock.cpp">
      <Filter>resource\src\utility</Filter>
    </ClCompile>
    <ClCompile Include="..\..\..\..\src\utility\scope_lock.cpp">
      <Filter>resource\src\utility</Filter>
    </ClCompile>
    <ClCompile Include="..\..\..\..\src\config\base2.cpp">
      <Filter>resource\src\config</Filter>
    </ClCompile>
    <ClCompile Include="..\..\..\..\src\config\base16.cpp">
      <Filter>resource\src\config</Filter>
    </ClCompile>
    <ClCompile Include="..\..\..\..\src\config\base58.cpp">
      <Filter>resource\src\config</Filter>
    </ClCompile>
    <ClCompile Include="..\..\..\..\src\config\base64.cpp">
      <Filter>resource\src\config</Filter>
    </ClCompile>
    <ClCompile Include="..\..\..\..\src\formats\base_10.cpp">
      <Filter>resource\src\formats</Filter>
    </ClCompile>
    <ClCompile Include="..\..\..\..\src\formats\base_16.cpp">
      <Filter>resource\src\formats</Filter>
    </ClCompile>
    <ClCompile Include="..\..\..\..\src\formats\base_58.cpp">
      <Filter>resource\src\formats</Filter>
    </ClCompile>
    <ClCompile Include="..\..\..\..\src\formats\base_64.cpp">
      <Filter>resource\src\formats</Filter>
    </ClCompile>
    <ClCompile Include="..\..\..\..\src\formats\base_85.cpp">
      <Filter>resource\src\formats</Filter>
    </ClCompile>
    <ClCompile Include="..\..\..\..\src\config\hash256.cpp">
      <Filter>resource\src\config</Filter>
    </ClCompile>
    <ClCompile Include="..\..\..\..\src\config\hash160.cpp">
      <Filter>resource\src\config</Filter>
    </ClCompile>
    <ClCompile Include="..\..\..\..\src\config\sodium.cpp">
      <Filter>resource\src\config</Filter>
    </ClCompile>
    <ClCompile Include="..\..\..\..\src\message\block_transactions.cpp">
      <Filter>resource\src\message</Filter>
    </ClCompile>
    <ClCompile Include="..\..\..\..\src\message\compact_block.cpp">
      <Filter>resource\src\message</Filter>
    </ClCompile>
    <ClCompile Include="..\..\..\..\src\message\get_block_transactions.cpp">
      <Filter>resource\src\message</Filter>
    </ClCompile>
    <ClCompile Include="..\..\..\..\src\message\prefilled_transaction.cpp">
      <Filter>resource\src\message</Filter>
    </ClCompile>
    <ClCompile Include="..\..\..\..\src\message\send_compact_blocks.cpp">
      <Filter>resource\src\message</Filter>
    </ClCompile>
    <ClCompile Include="..\..\..\..\src\message\send_headers.cpp">
      <Filter>resource\src\message</Filter>
    </ClCompile>
    <ClCompile Include="..\..\..\..\src\utility\variable_uint_size.cpp">
      <Filter>resource\src\utility</Filter>
    </ClCompile>
    <ClCompile Include="..\..\..\..\src\message\block_message.cpp">
      <Filter>resource\src\message</Filter>
    </ClCompile>
    <ClCompile Include="..\..\..\..\src\message\transaction_message.cpp">
      <Filter>resource\src\message</Filter>
    </ClCompile>
    <ClCompile Include="..\..\..\..\src\message\header_message.cpp">
      <Filter>resource\src\message</Filter>
    </ClCompile>
    <ClCompile Include="..\..\..\..\src\chain\point_iterator.cpp">
      <Filter>resource\src\chain</Filter>
    </ClCompile>
    <ClCompile Include="..\..\..\..\src\message\fee_filter.cpp">
      <Filter>resource\src\message</Filter>
    </ClCompile>
    <ClCompile Include="..\..\..\..\src\chain\output_point.cpp">
      <Filter>resource\src\chain</Filter>
    </ClCompile>
  </ItemGroup>
  <ItemGroup>
    <ClInclude Include="..\..\resource.h">
      <Filter>resource</Filter>
    </ClInclude>
    <ClInclude Include="..\..\..\..\include\bitcoin\bitcoin.hpp">
      <Filter>include</Filter>
    </ClInclude>
    <ClInclude Include="..\..\..\..\include\bitcoin\bitcoin\compat.h">
      <Filter>include\bitcoin</Filter>
    </ClInclude>
    <ClInclude Include="..\..\..\..\include\bitcoin\bitcoin\compat.hpp">
      <Filter>include\bitcoin</Filter>
    </ClInclude>
    <ClInclude Include="..\..\..\..\include\bitcoin\bitcoin\constants.hpp">
      <Filter>include\bitcoin</Filter>
    </ClInclude>
    <ClInclude Include="..\..\..\..\include\bitcoin\bitcoin\define.hpp">
      <Filter>include\bitcoin</Filter>
    </ClInclude>
    <ClInclude Include="..\..\..\..\include\bitcoin\bitcoin\error.hpp">
      <Filter>include\bitcoin</Filter>
    </ClInclude>
    <ClInclude Include="..\..\..\..\include\bitcoin\bitcoin\math\checksum.hpp">
      <Filter>include\bitcoin\math</Filter>
    </ClInclude>
    <ClInclude Include="..\..\..\..\include\bitcoin\bitcoin\math\crypto.hpp">
      <Filter>include\bitcoin\math</Filter>
    </ClInclude>
    <ClInclude Include="..\..\..\..\include\bitcoin\bitcoin\math\hash.hpp">
      <Filter>include\bitcoin\math</Filter>
    </ClInclude>
    <ClInclude Include="..\..\..\..\include\bitcoin\bitcoin\math\hash_number.hpp">
      <Filter>include\bitcoin\math</Filter>
    </ClInclude>
    <ClInclude Include="..\..\..\..\include\bitcoin\bitcoin\math\script_number.hpp">
      <Filter>include\bitcoin\math</Filter>
    </ClInclude>
    <ClInclude Include="..\..\..\..\include\bitcoin\bitcoin\utility\assert.hpp">
      <Filter>include\bitcoin\utility</Filter>
    </ClInclude>
    <ClInclude Include="..\..\..\..\include\bitcoin\bitcoin\utility\array_slice.hpp">
      <Filter>include\bitcoin\utility</Filter>
    </ClInclude>
    <ClInclude Include="..\..\..\..\include\bitcoin\bitcoin\utility\binary.hpp">
      <Filter>include\bitcoin\utility</Filter>
    </ClInclude>
    <ClInclude Include="..\..\..\..\include\bitcoin\bitcoin\utility\data.hpp">
      <Filter>include\bitcoin\utility</Filter>
    </ClInclude>
    <ClInclude Include="..\..\..\..\include\bitcoin\bitcoin\utility\decorator.hpp">
      <Filter>include\bitcoin\utility</Filter>
    </ClInclude>
    <ClInclude Include="..\..\..\..\include\bitcoin\bitcoin\utility\endian.hpp">
      <Filter>include\bitcoin\utility</Filter>
    </ClInclude>
    <ClInclude Include="..\..\..\..\include\bitcoin\bitcoin\utility\serializer.hpp">
      <Filter>include\bitcoin\utility</Filter>
    </ClInclude>
    <ClInclude Include="..\..\..\..\include\bitcoin\bitcoin\utility\subscriber.hpp">
      <Filter>include\bitcoin\utility</Filter>
    </ClInclude>
    <ClInclude Include="..\..\..\..\include\bitcoin\bitcoin\utility\threadpool.hpp">
      <Filter>include\bitcoin\utility</Filter>
    </ClInclude>
    <ClInclude Include="..\..\..\..\include\bitcoin\bitcoin\wallet\message.hpp">
      <Filter>include\bitcoin\wallet</Filter>
    </ClInclude>
    <ClInclude Include="..\..\..\..\include\bitcoin\bitcoin\wallet\mnemonic.hpp">
      <Filter>include\bitcoin\wallet</Filter>
    </ClInclude>
    <ClInclude Include="..\..\..\..\include\bitcoin\bitcoin\wallet\stealth_address.hpp">
      <Filter>include\bitcoin\wallet</Filter>
    </ClInclude>
    <ClInclude Include="..\..\..\..\include\bitcoin\bitcoin\wallet\uri.hpp">
      <Filter>include\bitcoin\wallet</Filter>
    </ClInclude>
    <ClInclude Include="..\..\..\..\include\bitcoin\bitcoin\config\parameter.hpp">
      <Filter>include\bitcoin\config</Filter>
    </ClInclude>
    <ClInclude Include="..\..\..\..\include\bitcoin\bitcoin\config\printer.hpp">
      <Filter>include\bitcoin\config</Filter>
    </ClInclude>
    <ClInclude Include="..\..\..\..\include\bitcoin\bitcoin\version.hpp">
      <Filter>include\bitcoin</Filter>
    </ClInclude>
    <ClInclude Include="..\..\..\..\include\bitcoin\bitcoin\wallet\dictionary.hpp">
      <Filter>include\bitcoin\wallet</Filter>
    </ClInclude>
    <ClInclude Include="..\..\..\..\src\math\external\sha512.h">
      <Filter>resource\src\math\external</Filter>
    </ClInclude>
    <ClInclude Include="..\..\..\..\src\math\external\zeroize.h">
      <Filter>resource\src\math\external</Filter>
    </ClInclude>
    <ClInclude Include="..\..\..\..\src\math\external\hmac_sha256.h">
      <Filter>resource\src\math\external</Filter>
    </ClInclude>
    <ClInclude Include="..\..\..\..\src\math\external\hmac_sha512.h">
      <Filter>resource\src\math\external</Filter>
    </ClInclude>
    <ClInclude Include="..\..\..\..\src\math\external\pkcs5_pbkdf2.h">
      <Filter>resource\src\math\external</Filter>
    </ClInclude>
    <ClInclude Include="..\..\..\..\src\math\external\ripemd160.h">
      <Filter>resource\src\math\external</Filter>
    </ClInclude>
    <ClInclude Include="..\..\..\..\src\math\external\sha1.h">
      <Filter>resource\src\math\external</Filter>
    </ClInclude>
    <ClInclude Include="..\..\..\..\src\math\external\sha256.h">
      <Filter>resource\src\math\external</Filter>
    </ClInclude>
    <ClInclude Include="..\..\..\..\include\bitcoin\bitcoin\math\uint256.hpp">
      <Filter>include\bitcoin\math</Filter>
    </ClInclude>
    <ClInclude Include="..\..\..\..\include\bitcoin\bitcoin\utility\string.hpp">
      <Filter>include\bitcoin\utility</Filter>
    </ClInclude>
    <ClInclude Include="..\..\..\..\include\bitcoin\bitcoin\utility\collection.hpp">
      <Filter>include\bitcoin\utility</Filter>
    </ClInclude>
    <ClInclude Include="..\..\..\..\include\bitcoin\bitcoin\config\directory.hpp">
      <Filter>include\bitcoin\config</Filter>
    </ClInclude>
    <ClInclude Include="..\..\..\..\include\bitcoin\bitcoin\unicode\unicode.hpp">
      <Filter>include\bitcoin\unicode</Filter>
    </ClInclude>
    <ClInclude Include="..\..\..\..\include\bitcoin\bitcoin\unicode\unicode_istream.hpp">
      <Filter>include\bitcoin\unicode</Filter>
    </ClInclude>
    <ClInclude Include="..\..\..\..\include\bitcoin\bitcoin\unicode\unicode_ostream.hpp">
      <Filter>include\bitcoin\unicode</Filter>
    </ClInclude>
    <ClInclude Include="..\..\..\..\include\bitcoin\bitcoin\unicode\unicode_streambuf.hpp">
      <Filter>include\bitcoin\unicode</Filter>
    </ClInclude>
    <ClInclude Include="..\..\..\..\include\bitcoin\bitcoin\unicode\console_streambuf.hpp">
      <Filter>include\bitcoin\unicode</Filter>
    </ClInclude>
    <ClInclude Include="..\..\..\..\include\bitcoin\bitcoin\unicode\ifstream.hpp">
      <Filter>include\bitcoin\unicode</Filter>
    </ClInclude>
    <ClInclude Include="..\..\..\..\include\bitcoin\bitcoin\unicode\ofstream.hpp">
      <Filter>include\bitcoin\unicode</Filter>
    </ClInclude>
    <ClInclude Include="..\..\..\..\include\bitcoin\bitcoin\utility\thread.hpp">
      <Filter>include\bitcoin\utility</Filter>
    </ClInclude>
    <ClInclude Include="..\..\..\..\include\bitcoin\bitcoin\utility\random.hpp">
      <Filter>include\bitcoin\utility</Filter>
    </ClInclude>
    <ClInclude Include="..\..\..\..\include\bitcoin\bitcoin\utility\timer.hpp">
      <Filter>include\bitcoin\utility</Filter>
    </ClInclude>
    <ClInclude Include="..\..\..\..\include\bitcoin\bitcoin\config\authority.hpp">
      <Filter>include\bitcoin\config</Filter>
    </ClInclude>
    <ClInclude Include="..\..\..\..\include\bitcoin\bitcoin\config\checkpoint.hpp">
      <Filter>include\bitcoin\config</Filter>
    </ClInclude>
    <ClInclude Include="..\..\..\..\include\bitcoin\bitcoin\config\endpoint.hpp">
      <Filter>include\bitcoin\config</Filter>
    </ClInclude>
    <ClInclude Include="..\..\..\..\include\bitcoin\bitcoin\utility\synchronizer.hpp">
      <Filter>include\bitcoin\utility</Filter>
    </ClInclude>
    <ClInclude Include="..\..\..\..\include\bitcoin\bitcoin\utility\deadline.hpp">
      <Filter>include\bitcoin\utility</Filter>
    </ClInclude>
    <ClInclude Include="..\..\..\..\include\bitcoin\bitcoin\utility\dispatcher.hpp">
      <Filter>include\bitcoin\utility</Filter>
    </ClInclude>
    <ClInclude Include="..\..\..\..\include\bitcoin\bitcoin\message\address.hpp">
      <Filter>include\bitcoin\message</Filter>
    </ClInclude>
    <ClInclude Include="..\..\..\..\include\bitcoin\bitcoin\message\get_address.hpp">
      <Filter>include\bitcoin\message</Filter>
    </ClInclude>
    <ClInclude Include="..\..\..\..\include\bitcoin\bitcoin\message\get_blocks.hpp">
      <Filter>include\bitcoin\message</Filter>
    </ClInclude>
    <ClInclude Include="..\..\..\..\include\bitcoin\bitcoin\message\get_data.hpp">
      <Filter>include\bitcoin\message</Filter>
    </ClInclude>
    <ClInclude Include="..\..\..\..\include\bitcoin\bitcoin\message\inventory.hpp">
      <Filter>include\bitcoin\message</Filter>
    </ClInclude>
    <ClInclude Include="..\..\..\..\include\bitcoin\bitcoin\message\inventory_vector.hpp">
      <Filter>include\bitcoin\message</Filter>
    </ClInclude>
    <ClInclude Include="..\..\..\..\include\bitcoin\bitcoin\message\network_address.hpp">
      <Filter>include\bitcoin\message</Filter>
    </ClInclude>
    <ClInclude Include="..\..\..\..\include\bitcoin\bitcoin\message\not_found.hpp">
      <Filter>include\bitcoin\message</Filter>
    </ClInclude>
    <ClInclude Include="..\..\..\..\include\bitcoin\bitcoin\message\verack.hpp">
      <Filter>include\bitcoin\message</Filter>
    </ClInclude>
    <ClInclude Include="..\..\..\..\include\bitcoin\bitcoin\chain\block.hpp">
      <Filter>include\bitcoin\chain</Filter>
    </ClInclude>
    <ClInclude Include="..\..\..\..\include\bitcoin\bitcoin\chain\point.hpp">
      <Filter>include\bitcoin\chain</Filter>
    </ClInclude>
    <ClInclude Include="..\..\..\..\include\bitcoin\bitcoin\chain\transaction.hpp">
      <Filter>include\bitcoin\chain</Filter>
    </ClInclude>
    <ClInclude Include="..\..\..\..\include\bitcoin\bitcoin\utility\container_sink.hpp">
      <Filter>include\bitcoin\utility</Filter>
    </ClInclude>
    <ClInclude Include="..\..\..\..\include\bitcoin\bitcoin\utility\container_source.hpp">
      <Filter>include\bitcoin\utility</Filter>
    </ClInclude>
    <ClInclude Include="..\..\..\..\include\bitcoin\bitcoin\utility\deserializer.hpp">
      <Filter>include\bitcoin\utility</Filter>
    </ClInclude>
    <ClInclude Include="..\..\..\..\include\bitcoin\bitcoin\utility\writer.hpp">
      <Filter>include\bitcoin\utility</Filter>
    </ClInclude>
    <ClInclude Include="..\..\..\..\include\bitcoin\bitcoin\utility\exceptions.hpp">
      <Filter>include\bitcoin\utility</Filter>
    </ClInclude>
    <ClInclude Include="..\..\..\..\include\bitcoin\bitcoin\wallet\payment_address.hpp">
      <Filter>include\bitcoin\wallet</Filter>
    </ClInclude>
    <ClInclude Include="..\..\..\..\include\bitcoin\bitcoin\wallet\select_outputs.hpp">
      <Filter>include\bitcoin\wallet</Filter>
    </ClInclude>
    <ClInclude Include="..\..\..\..\include\bitcoin\bitcoin\utility\reader.hpp">
      <Filter>include\bitcoin\utility</Filter>
    </ClInclude>
    <ClInclude Include="..\..\..\..\include\bitcoin\bitcoin\utility\istream_reader.hpp">
      <Filter>include\bitcoin\utility</Filter>
    </ClInclude>
    <ClInclude Include="..\..\..\..\include\bitcoin\bitcoin\utility\ostream_writer.hpp">
      <Filter>include\bitcoin\utility</Filter>
    </ClInclude>
    <ClInclude Include="..\..\..\..\src\math\external\aes256.h">
      <Filter>resource\src\math\external</Filter>
    </ClInclude>
    <ClInclude Include="..\..\..\..\src\math\external\pbkdf2_sha256.h">
      <Filter>resource\src\math\external</Filter>
    </ClInclude>
    <ClInclude Include="..\..\..\..\include\bitcoin\bitcoin\message\version.hpp">
      <Filter>include\bitcoin\message</Filter>
    </ClInclude>
    <ClInclude Include="..\..\..\..\include\bitcoin\bitcoin\utility\delegates.hpp">
      <Filter>include\bitcoin\utility</Filter>
    </ClInclude>
    <ClInclude Include="..\..\..\..\include\bitcoin\bitcoin\message\alert.hpp">
      <Filter>include\bitcoin\message</Filter>
    </ClInclude>
    <ClInclude Include="..\..\..\..\include\bitcoin\bitcoin\message\filter_clear.hpp">
      <Filter>include\bitcoin\message</Filter>
    </ClInclude>
    <ClInclude Include="..\..\..\..\include\bitcoin\bitcoin\message\filter_load.hpp">
      <Filter>include\bitcoin\message</Filter>
    </ClInclude>
    <ClInclude Include="..\..\..\..\include\bitcoin\bitcoin\message\filter_add.hpp">
      <Filter>include\bitcoin\message</Filter>
    </ClInclude>
    <ClInclude Include="..\..\..\..\include\bitcoin\bitcoin\message\memory_pool.hpp">
      <Filter>include\bitcoin\message</Filter>
    </ClInclude>
    <ClInclude Include="..\..\..\..\include\bitcoin\bitcoin\message\merkle_block.hpp">
      <Filter>include\bitcoin\message</Filter>
    </ClInclude>
    <ClInclude Include="..\..\..\..\include\bitcoin\bitcoin\message\reject.hpp">
      <Filter>include\bitcoin\message</Filter>
    </ClInclude>
    <ClInclude Include="..\..\..\..\include\bitcoin\bitcoin\message\get_headers.hpp">
      <Filter>include\bitcoin\message</Filter>
    </ClInclude>
    <ClInclude Include="..\..\..\..\include\bitcoin\bitcoin\messages.hpp">
      <Filter>include\bitcoin</Filter>
    </ClInclude>
    <ClInclude Include="..\..\..\..\include\bitcoin\bitcoin\message\ping.hpp">
      <Filter>include\bitcoin\message</Filter>
    </ClInclude>
    <ClInclude Include="..\..\..\..\include\bitcoin\bitcoin\message\pong.hpp">
      <Filter>include\bitcoin\message</Filter>
    </ClInclude>
    <ClInclude Include="..\..\..\..\include\bitcoin\bitcoin\message\alert_payload.hpp">
      <Filter>include\bitcoin\message</Filter>
    </ClInclude>
    <ClInclude Include="..\..\..\..\include\bitcoin\bitcoin\chain\input.hpp">
      <Filter>include\bitcoin\chain</Filter>
    </ClInclude>
    <ClInclude Include="..\..\..\..\include\bitcoin\bitcoin\chain\output.hpp">
      <Filter>include\bitcoin\chain</Filter>
    </ClInclude>
    <ClInclude Include="..\..\..\..\include\bitcoin\bitcoin\message\heading.hpp">
      <Filter>include\bitcoin\message</Filter>
    </ClInclude>
    <ClInclude Include="..\..\..\..\include\bitcoin\bitcoin\chain\header.hpp">
      <Filter>include\bitcoin\chain</Filter>
    </ClInclude>
    <ClInclude Include="..\..\..\..\src\math\external\crypto_scrypt.h">
      <Filter>resource\src\math\external</Filter>
    </ClInclude>
    <ClInclude Include="..\..\..\..\include\bitcoin\bitcoin\wallet\encrypted_keys.hpp">
      <Filter>include\bitcoin\wallet</Filter>
    </ClInclude>
    <ClInclude Include="..\..\..\..\include\bitcoin\bitcoin\wallet\mini_keys.hpp">
      <Filter>include\bitcoin\wallet</Filter>
    </ClInclude>
    <ClInclude Include="..\..\..\..\include\bitcoin\bitcoin\wallet\uri_reader.hpp">
      <Filter>include\bitcoin\wallet</Filter>
    </ClInclude>
    <ClInclude Include="..\..\..\..\include\bitcoin\bitcoin\wallet\bitcoin_uri.hpp">
      <Filter>include\bitcoin\wallet</Filter>
    </ClInclude>
    <ClInclude Include="..\..\..\..\include\bitcoin\bitcoin\wallet\ec_private.hpp">
      <Filter>include\bitcoin\wallet</Filter>
    </ClInclude>
    <ClInclude Include="..\..\..\..\include\bitcoin\bitcoin\math\elliptic_curve.hpp">
      <Filter>include\bitcoin\math</Filter>
    </ClInclude>
    <ClInclude Include="..\..\..\..\include\bitcoin\bitcoin\wallet\ec_public.hpp">
      <Filter>include\bitcoin\wallet</Filter>
    </ClInclude>
    <ClInclude Include="..\..\..\..\include\bitcoin\bitcoin\math\stealth.hpp">
      <Filter>include\bitcoin\math</Filter>
    </ClInclude>
    <ClInclude Include="..\..\..\..\include\bitcoin\bitcoin\wallet\hd_private.hpp">
      <Filter>include\bitcoin\wallet</Filter>
    </ClInclude>
    <ClInclude Include="..\..\..\..\include\bitcoin\bitcoin\wallet\hd_public.hpp">
      <Filter>include\bitcoin\wallet</Filter>
    </ClInclude>
    <ClInclude Include="..\..\..\..\src\wallet\parse_encrypted_keys\parse_encrypted_key.hpp">
      <Filter>resource\src\wallet\parse_encrypted_keys</Filter>
    </ClInclude>
    <ClInclude Include="..\..\..\..\src\wallet\parse_encrypted_keys\parse_encrypted_prefix.hpp">
      <Filter>resource\src\wallet\parse_encrypted_keys</Filter>
    </ClInclude>
    <ClInclude Include="..\..\..\..\src\wallet\parse_encrypted_keys\parse_encrypted_private.hpp">
      <Filter>resource\src\wallet\parse_encrypted_keys</Filter>
    </ClInclude>
    <ClInclude Include="..\..\..\..\src\wallet\parse_encrypted_keys\parse_encrypted_public.hpp">
      <Filter>resource\src\wallet\parse_encrypted_keys</Filter>
    </ClInclude>
    <ClInclude Include="..\..\..\..\src\wallet\parse_encrypted_keys\parse_encrypted_token.hpp">
      <Filter>resource\src\wallet\parse_encrypted_keys</Filter>
    </ClInclude>
    <ClInclude Include="..\..\..\..\include\bitcoin\bitcoin\wallet\ek_public.hpp">
      <Filter>include\bitcoin\wallet</Filter>
    </ClInclude>
    <ClInclude Include="..\..\..\..\include\bitcoin\bitcoin\wallet\ek_token.hpp">
      <Filter>include\bitcoin\wallet</Filter>
    </ClInclude>
    <ClInclude Include="..\..\..\..\include\bitcoin\bitcoin\wallet\ek_private.hpp">
      <Filter>include\bitcoin\wallet</Filter>
    </ClInclude>
    <ClInclude Include="..\..\..\..\include\bitcoin\bitcoin\handlers.hpp">
      <Filter>include\bitcoin\utility</Filter>
    </ClInclude>
    <ClInclude Include="..\..\..\..\include\bitcoin\bitcoin\utility\log.hpp">
      <Filter>include\bitcoin\utility</Filter>
    </ClInclude>
    <ClInclude Include="..\..\..\..\include\bitcoin\bitcoin\wallet\settings.hpp">
      <Filter>include\bitcoin\wallet</Filter>
    </ClInclude>
    <ClInclude Include="..\..\..\..\include\bitcoin\bitcoin\message\headers.hpp">
      <Filter>include\bitcoin\message</Filter>
    </ClInclude>
    <ClInclude Include="..\..\..\..\include\bitcoin\bitcoin\utility\work.hpp">
      <Filter>include\bitcoin\utility</Filter>
    </ClInclude>
    <ClInclude Include="..\..\..\..\include\bitcoin\bitcoin\utility\monitor.hpp">
      <Filter>include\bitcoin\utility</Filter>
    </ClInclude>
    <ClInclude Include="..\..\..\..\include\bitcoin\bitcoin\utility\track.hpp">
      <Filter>include\bitcoin\utility</Filter>
    </ClInclude>
    <ClInclude Include="..\..\..\..\include\bitcoin\bitcoin\utility\asio.hpp">
      <Filter>include\bitcoin\utility</Filter>
    </ClInclude>
    <ClInclude Include="..\..\..\..\include\bitcoin\bitcoin\utility\enable_shared_from_base.hpp">
      <Filter>include\bitcoin\utility</Filter>
    </ClInclude>
    <ClInclude Include="..\..\..\..\include\bitcoin\bitcoin\utility\atomic.hpp">
      <Filter>include\bitcoin\utility</Filter>
    </ClInclude>
    <ClInclude Include="..\..\..\..\include\bitcoin\bitcoin\utility\resubscriber.hpp">
      <Filter>include\bitcoin\utility</Filter>
    </ClInclude>
    <ClInclude Include="..\..\..\..\src\math\external\lax_der_parsing.h">
      <Filter>resource\src\math\external</Filter>
    </ClInclude>
    <ClInclude Include="..\..\..\..\include\bitcoin\bitcoin\config\parser.hpp">
      <Filter>include\bitcoin\config</Filter>
    </ClInclude>
    <ClInclude Include="..\..\..\..\include\bitcoin\bitcoin\utility\variable_uint_size.hpp">
      <Filter>include\bitcoin\utility</Filter>
    </ClInclude>
    <ClInclude Include="..\..\..\..\src\math\secp256k1_initializer.hpp">
      <Filter>resource\src\math</Filter>
    </ClInclude>
    <ClInclude Include="..\..\..\..\include\bitcoin\bitcoin\chain\spend.hpp">
      <Filter>include\bitcoin\chain</Filter>
    </ClInclude>
    <ClInclude Include="..\..\..\..\include\bitcoin\bitcoin\utility\color.hpp">
      <Filter>include\bitcoin\utility</Filter>
    </ClInclude>
    <ClInclude Include="..\..\..\..\include\bitcoin\bitcoin\utility\png.hpp">
      <Filter>include\bitcoin\utility</Filter>
    </ClInclude>
    <ClInclude Include="..\..\..\..\include\bitcoin\bitcoin\wallet\qrcode.hpp">
      <Filter>include\bitcoin\wallet</Filter>
    </ClInclude>
    <ClInclude Include="..\..\..\..\include\bitcoin\bitcoin\chain\script\operation.hpp">
      <Filter>include\bitcoin\chain\script</Filter>
    </ClInclude>
    <ClInclude Include="..\..\..\..\include\bitcoin\bitcoin\chain\script\script.hpp">
      <Filter>include\bitcoin\chain\script</Filter>
    </ClInclude>
    <ClInclude Include="..\..\..\..\include\bitcoin\bitcoin\chain\script\opcode.hpp">
      <Filter>include\bitcoin\chain\script</Filter>
    </ClInclude>
    <ClInclude Include="..\..\..\..\src\chain\script\evaluation_context.hpp">
      <Filter>resource\src\chain\script</Filter>
    </ClInclude>
    <ClInclude Include="..\..\..\..\src\chain\script\conditional_stack.hpp">
      <Filter>resource\src\chain\script</Filter>
    </ClInclude>
    <ClInclude Include="..\..\..\..\include\bitcoin\bitcoin\utility\conditional_lock.hpp">
      <Filter>include\bitcoin\utility</Filter>
    </ClInclude>
    <ClInclude Include="..\..\..\..\include\bitcoin\bitcoin\utility\scope_lock.hpp">
      <Filter>include\bitcoin\utility</Filter>
    </ClInclude>
    <ClInclude Include="..\..\..\..\include\bitcoin\bitcoin\chain\history.hpp">
      <Filter>include\bitcoin\chain</Filter>
    </ClInclude>
    <ClInclude Include="..\..\..\..\include\bitcoin\bitcoin\chain\stealth.hpp">
      <Filter>include\bitcoin\chain</Filter>
    </ClInclude>
    <ClInclude Include="..\..\..\..\include\bitcoin\bitcoin\config\base58.hpp">
      <Filter>include\bitcoin\config</Filter>
    </ClInclude>
    <ClInclude Include="..\..\..\..\include\bitcoin\bitcoin\config\base64.hpp">
      <Filter>include\bitcoin\config</Filter>
    </ClInclude>
    <ClInclude Include="..\..\..\..\include\bitcoin\bitcoin\config\base2.hpp">
      <Filter>include\bitcoin\config</Filter>
    </ClInclude>
    <ClInclude Include="..\..\..\..\include\bitcoin\bitcoin\config\base16.hpp">
      <Filter>include\bitcoin\config</Filter>
    </ClInclude>
    <ClInclude Include="..\..\..\..\include\bitcoin\bitcoin\formats\base_10.hpp">
      <Filter>include\bitcoin\formats</Filter>
    </ClInclude>
    <ClInclude Include="..\..\..\..\include\bitcoin\bitcoin\formats\base_16.hpp">
      <Filter>include\bitcoin\formats</Filter>
    </ClInclude>
    <ClInclude Include="..\..\..\..\include\bitcoin\bitcoin\formats\base_64.hpp">
      <Filter>include\bitcoin\formats</Filter>
    </ClInclude>
    <ClInclude Include="..\..\..\..\include\bitcoin\bitcoin\formats\base_58.hpp">
      <Filter>include\bitcoin\formats</Filter>
    </ClInclude>
    <ClInclude Include="..\..\..\..\include\bitcoin\bitcoin\formats\base_85.hpp">
      <Filter>include\bitcoin\formats</Filter>
    </ClInclude>
    <ClInclude Include="..\..\..\..\include\bitcoin\bitcoin\config\hash160.hpp">
      <Filter>include\bitcoin\config</Filter>
    </ClInclude>
    <ClInclude Include="..\..\..\..\include\bitcoin\bitcoin\config\hash256.hpp">
      <Filter>include\bitcoin\config</Filter>
    </ClInclude>
    <ClInclude Include="..\..\..\..\include\bitcoin\bitcoin\config\sodium.hpp">
      <Filter>include\bitcoin\config</Filter>
    </ClInclude>
    <ClInclude Include="..\..\..\..\include\bitcoin\bitcoin\utility\notifier.hpp">
      <Filter>include\bitcoin\utility</Filter>
    </ClInclude>
    <ClInclude Include="..\..\..\..\include\bitcoin\bitcoin\message\compact_block.hpp">
      <Filter>include\bitcoin\message</Filter>
    </ClInclude>
    <ClInclude Include="..\..\..\..\include\bitcoin\bitcoin\message\get_block_transactions.hpp">
      <Filter>include\bitcoin\message</Filter>
    </ClInclude>
    <ClInclude Include="..\..\..\..\include\bitcoin\bitcoin\message\prefilled_transaction.hpp">
      <Filter>include\bitcoin\message</Filter>
    </ClInclude>
    <ClInclude Include="..\..\..\..\include\bitcoin\bitcoin\message\send_compact_blocks.hpp">
      <Filter>include\bitcoin\message</Filter>
    </ClInclude>
    <ClInclude Include="..\..\..\..\include\bitcoin\bitcoin\message\send_headers.hpp">
      <Filter>include\bitcoin\message</Filter>
    </ClInclude>
    <ClInclude Include="..\..\..\..\include\bitcoin\bitcoin\message\block_transactions.hpp">
      <Filter>include\bitcoin\message</Filter>
    </ClInclude>
    <ClInclude Include="..\..\..\..\include\bitcoin\bitcoin\message\block_message.hpp">
      <Filter>include\bitcoin\message</Filter>
    </ClInclude>
    <ClInclude Include="..\..\..\..\include\bitcoin\bitcoin\message\transaction_message.hpp">
      <Filter>include\bitcoin\message</Filter>
    </ClInclude>
    <ClInclude Include="..\..\..\..\include\bitcoin\bitcoin\message\header_message.hpp">
      <Filter>include\bitcoin\message</Filter>
    </ClInclude>
    <ClInclude Include="..\..\..\..\include\bitcoin\bitcoin\chain\point_iterator.hpp">
      <Filter>include\bitcoin\chain</Filter>
    </ClInclude>
    <ClInclude Include="..\..\..\..\include\bitcoin\bitcoin\message\fee_filter.hpp">
      <Filter>include\bitcoin\message</Filter>
    </ClInclude>
    <ClInclude Include="..\..\..\..\include\bitcoin\bitcoin\chain\output_point.hpp">
      <Filter>include\bitcoin\chain</Filter>
    </ClInclude>
    <ClInclude Include="..\..\..\..\include\bitcoin\bitcoin\chain\input_point.hpp">
      <Filter>include\bitcoin\chain</Filter>
    </ClInclude>
  </ItemGroup>
  <ItemGroup>
    <ResourceCompile Include="..\..\resource.rc">
      <Filter>resource</Filter>
    </ResourceCompile>
  </ItemGroup>
</Project>